PODS:
  - apptentive-ios (3.2.1)
  - DateTools (1.7.0)
  - DZNEmptyDataSet (1.8.1)
  - GoogleAnalytics (3.16.0)
  - libextobjc (0.4.1):
    - libextobjc/EXTADT (= 0.4.1)
    - libextobjc/EXTConcreteProtocol (= 0.4.1)
    - libextobjc/EXTKeyPathCoding (= 0.4.1)
    - libextobjc/EXTNil (= 0.4.1)
    - libextobjc/EXTSafeCategory (= 0.4.1)
    - libextobjc/EXTScope (= 0.4.1)
    - libextobjc/EXTSelectorChecking (= 0.4.1)
    - libextobjc/EXTSynthesize (= 0.4.1)
    - libextobjc/NSInvocation+EXT (= 0.4.1)
    - libextobjc/NSMethodSignature+EXT (= 0.4.1)
    - libextobjc/RuntimeExtensions (= 0.4.1)
    - libextobjc/UmbrellaHeader (= 0.4.1)
  - libextobjc/EXTADT (0.4.1):
    - libextobjc/RuntimeExtensions
  - libextobjc/EXTConcreteProtocol (0.4.1):
    - libextobjc/RuntimeExtensions
  - libextobjc/EXTKeyPathCoding (0.4.1):
    - libextobjc/RuntimeExtensions
  - libextobjc/EXTNil (0.4.1):
    - libextobjc/RuntimeExtensions
  - libextobjc/EXTSafeCategory (0.4.1):
    - libextobjc/RuntimeExtensions
  - libextobjc/EXTScope (0.4.1):
    - libextobjc/RuntimeExtensions
  - libextobjc/EXTSelectorChecking (0.4.1):
    - libextobjc/RuntimeExtensions
  - libextobjc/EXTSynthesize (0.4.1):
    - libextobjc/RuntimeExtensions
  - libextobjc/NSInvocation+EXT (0.4.1):
    - libextobjc/RuntimeExtensions
  - libextobjc/NSMethodSignature+EXT (0.4.1):
    - libextobjc/RuntimeExtensions
  - libextobjc/RuntimeExtensions (0.4.1)
  - libextobjc/UmbrellaHeader (0.4.1)
  - Masonry (1.0.1)
  - OCMock (3.3.1)
  - OMGHTTPURLRQ (3.2.0):
    - OMGHTTPURLRQ/RQ (= 3.2.0)
  - OMGHTTPURLRQ/FormURLEncode (3.2.0)
  - OMGHTTPURLRQ/RQ (3.2.0):
    - OMGHTTPURLRQ/FormURLEncode
    - OMGHTTPURLRQ/UserAgent
  - OMGHTTPURLRQ/UserAgent (3.2.0)
  - PromiseKit/CloudKit (3.5.0):
    - PromiseKit/CorePromise
  - PromiseKit/CoreLocation (3.5.0):
    - PromiseKit/CorePromise
  - PromiseKit/CorePromise (3.5.0)
  - PromiseKit/Foundation (3.5.0):
    - OMGHTTPURLRQ (~> 3.2.0)
    - PromiseKit/CorePromise
  - PromiseKit/MapKit (3.5.0):
    - PromiseKit/CorePromise
  - Pulley (1.0.0)
  - SMFloatingLabelTextField (0.2.0)
  - SVProgressHUD (2.0.3)
  - SwiftMessages (1.1.1)

DEPENDENCIES:
  - apptentive-ios (= 3.2.1)
  - DateTools (= 1.7.0)
  - DZNEmptyDataSet (= 1.8.1)
  - GoogleAnalytics (= 3.16.0)
  - libextobjc (= 0.4.1)
  - Masonry (= 1.0.1)
  - OCMock (= 3.3.1)
  - PromiseKit/CloudKit (= 3.5.0)
  - PromiseKit/CoreLocation (= 3.5.0)
  - PromiseKit/CorePromise (= 3.5.0)
  - PromiseKit/Foundation (= 3.5.0)
  - PromiseKit/MapKit (= 3.5.0)
  - Pulley (= 1.0.0)
  - SMFloatingLabelTextField (~> 0.2)
  - SVProgressHUD (= 2.0.3)
  - SwiftMessages (~> 1.1)

SPEC CHECKSUMS:
  apptentive-ios: bb0b126f7d2a3bc87fac843da3a71df7f50d433e
  DateTools: 53288ee8b905fdc75897a1e6b5cc0144b14cba60
  DZNEmptyDataSet: 9525833b9e68ac21c30253e1d3d7076cc828eaa7
  GoogleAnalytics: 3de986b2fa29012c69fa415566006a9c9cf25320
  libextobjc: a650fc1bf489a3d3a9bc2e621efa3e1006fc5471
  Masonry: a1a931a0d08870ed8ae415a2ea5ea68ebcac77df
  OCMock: f3f61e6eaa16038c30caa5798c5e49d3307b6f22
  OMGHTTPURLRQ: 1e54807cb7d5dbb506926e53498e1e9ac5720c79
  PromiseKit: 3a8a529c0571f8c2c423dba0897ff39bc060bf92
  Pulley: 4dc1d5568d18bdbf9c8cb8d4d7cd0cf76692ddfe
  SMFloatingLabelTextField: 0ba68e9fbb58186effade627beff866e20bf78fb
  SVProgressHUD: b0830714205bea1317ea1a2ebc71e5633af334d4
  SwiftMessages: 5419699a94516ddf2af21c0e067f2e7e3c2b6b29

PODFILE CHECKSUM: 146b371a1af34a7a85ccd5f86a42d68cb87b1693

COCOAPODS: 1.1.0.beta.1
