PODS:
  - ABReleaseNotesViewController (0.1.1)
  - apptentive-ios (3.1.1)
  - DateTools (1.7.0)
  - DZNEmptyDataSet (1.7.3)
  - GoogleAnalytics (3.14.0)
  - libextobjc (0.4.1):
    - libextobjc/EXTADT (= 0.4.1)
    - libextobjc/EXTConcreteProtocol (= 0.4.1)
    - libextobjc/EXTKeyPathCoding (= 0.4.1)
    - libextobjc/EXTNil (= 0.4.1)
    - libextobjc/EXTSafeCategory (= 0.4.1)
    - libextobjc/EXTScope (= 0.4.1)
    - libextobjc/EXTSelectorChecking (= 0.4.1)
    - libextobjc/EXTSynthesize (= 0.4.1)
    - libextobjc/NSInvocation+EXT (= 0.4.1)
    - libextobjc/NSMethodSignature+EXT (= 0.4.1)
    - libextobjc/RuntimeExtensions (= 0.4.1)
    - libextobjc/UmbrellaHeader (= 0.4.1)
  - libextobjc/EXTADT (0.4.1):
    - libextobjc/RuntimeExtensions
  - libextobjc/EXTConcreteProtocol (0.4.1):
    - libextobjc/RuntimeExtensions
  - libextobjc/EXTKeyPathCoding (0.4.1):
    - libextobjc/RuntimeExtensions
  - libextobjc/EXTNil (0.4.1):
    - libextobjc/RuntimeExtensions
  - libextobjc/EXTSafeCategory (0.4.1):
    - libextobjc/RuntimeExtensions
  - libextobjc/EXTScope (0.4.1):
    - libextobjc/RuntimeExtensions
  - libextobjc/EXTSelectorChecking (0.4.1):
    - libextobjc/RuntimeExtensions
  - libextobjc/EXTSynthesize (0.4.1):
    - libextobjc/RuntimeExtensions
  - libextobjc/NSInvocation+EXT (0.4.1):
    - libextobjc/RuntimeExtensions
  - libextobjc/NSMethodSignature+EXT (0.4.1):
    - libextobjc/RuntimeExtensions
  - libextobjc/RuntimeExtensions (0.4.1)
  - libextobjc/UmbrellaHeader (0.4.1)
  - Masonry (0.6.4)
  - OCMock (3.3.1)
  - OMGHTTPURLRQ (3.2.0):
    - OMGHTTPURLRQ/RQ (= 3.2.0)
  - OMGHTTPURLRQ/FormURLEncode (3.2.0)
  - OMGHTTPURLRQ/RQ (3.2.0):
    - OMGHTTPURLRQ/FormURLEncode
    - OMGHTTPURLRQ/UserAgent
  - OMGHTTPURLRQ/UserAgent (3.2.0)
  - PromiseKit/CloudKit (3.3.0):
    - PromiseKit/CorePromise
  - PromiseKit/CoreLocation (3.3.0):
    - PromiseKit/CorePromise
  - PromiseKit/CorePromise (3.3.0)
  - PromiseKit/Foundation (3.3.0):
    - OMGHTTPURLRQ (~> 3.2.0)
    - PromiseKit/CorePromise
  - PromiseKit/MapKit (3.3.0):
    - PromiseKit/CorePromise
  - SVProgressHUD (2.0.3)

DEPENDENCIES:
  - ABReleaseNotesViewController (= 0.1.1)
  - apptentive-ios (= 3.1.1)
  - DateTools (= 1.7.0)
  - DZNEmptyDataSet (= 1.7.3)
  - GoogleAnalytics (= 3.14.0)
  - libextobjc (= 0.4.1)
  - Masonry (= 0.6.4)
  - OCMock (~> 3.3)
  - PromiseKit/CloudKit (= 3.3.0)
  - PromiseKit/CoreLocation (= 3.3.0)
  - PromiseKit/CorePromise (= 3.3.0)
  - PromiseKit/Foundation (= 3.3.0)
  - PromiseKit/MapKit (= 3.3.0)
  - SVProgressHUD (= 2.0.3)

SPEC CHECKSUMS:
  ABReleaseNotesViewController: 98de9eb73a806192341b228a7a36e37d42d7c174
  apptentive-ios: 0a479d4918b608cd60b42711ecfeaa1b2afd5421
  DateTools: 53288ee8b905fdc75897a1e6b5cc0144b14cba60
  DZNEmptyDataSet: dd7cca17c1d07dfa78956859b1e70a52505678ef
  GoogleAnalytics: 9be1afdb8deeac4bb5f13ca7f7d3b9db2a1f43dc
  libextobjc: a650fc1bf489a3d3a9bc2e621efa3e1006fc5471
  Masonry: 281802d04d787ea2973179ee8bcb50500579ede2
  OCMock: f3f61e6eaa16038c30caa5798c5e49d3307b6f22
  OMGHTTPURLRQ: 1e54807cb7d5dbb506926e53498e1e9ac5720c79
  PromiseKit: 3af62d9226430bdf0b3321e4de899e539d9c178f
  SVProgressHUD: b0830714205bea1317ea1a2ebc71e5633af334d4

PODFILE CHECKSUM: 608da0f60a6c5ce75fb188a449b9ea4d51d4f916

COCOAPODS: 1.1.0.beta.1
