// !$*UTF8*$!
{
	archiveVersion = 1;
	classes = {
	};
	objectVersion = 46;
	objects = {

/* Begin PBXBuildFile section */
		1D60589B0D05DD56006BFB54 /* main.m in Sources */ = {isa = PBXBuildFile; fileRef = 29B97316FDCFA39411CA2CEA /* main.m */; };
		60E26094D209E76D5D037634 /* libPods.a in Frameworks */ = {isa = PBXBuildFile; fileRef = A2B89E834A0C9E7F5B8FE39B /* libPods.a */; };
		669B2F741AEBF92E00CF2367 /* OBAReleaseNotesManager.m in Sources */ = {isa = PBXBuildFile; fileRef = 669B2F731AEBF92E00CF2367 /* OBAReleaseNotesManager.m */; };
		669B2F751AEBF92E00CF2367 /* OBAReleaseNotesManager.m in Sources */ = {isa = PBXBuildFile; fileRef = 669B2F731AEBF92E00CF2367 /* OBAReleaseNotesManager.m */; };
		669B2F781AEBFCB300CF2367 /* OBAAnalytics.m in Sources */ = {isa = PBXBuildFile; fileRef = 669B2F771AEBFCB300CF2367 /* OBAAnalytics.m */; };
		669B2F791AEBFCB300CF2367 /* OBAAnalytics.m in Sources */ = {isa = PBXBuildFile; fileRef = 669B2F771AEBFCB300CF2367 /* OBAAnalytics.m */; };
		669B2F801AEBFEBF00CF2367 /* OBARegionHelper.m in Sources */ = {isa = PBXBuildFile; fileRef = 669B2F7F1AEBFEBF00CF2367 /* OBARegionHelper.m */; };
		669B2F811AEBFEBF00CF2367 /* OBARegionHelper.m in Sources */ = {isa = PBXBuildFile; fileRef = 669B2F7F1AEBFEBF00CF2367 /* OBARegionHelper.m */; };
		669B2F8C1AEC049D00CF2367 /* libOneBusAwaySDK.a in Frameworks */ = {isa = PBXBuildFile; fileRef = 669B2F8B1AEC049D00CF2367 /* libOneBusAwaySDK.a */; };
		669B2F8D1AEC04A100CF2367 /* libOneBusAwaySDK.a in Frameworks */ = {isa = PBXBuildFile; fileRef = 669B2F8B1AEC049D00CF2367 /* libOneBusAwaySDK.a */; };
		77F1DF137D15E0B33B6AC7F6 /* libPods.a in Frameworks */ = {isa = PBXBuildFile; fileRef = A2B89E834A0C9E7F5B8FE39B /* libPods.a */; };
		923FE680176082A7009AFDE8 /* UITableViewController+oba_Additions.m in Sources */ = {isa = PBXBuildFile; fileRef = 923FE67F176082A7009AFDE8 /* UITableViewController+oba_Additions.m */; };
		928E12B217D7863400FD855E /* Images.xcassets in Resources */ = {isa = PBXBuildFile; fileRef = 928E12B117D7863400FD855E /* Images.xcassets */; };
		931C42C2160E4B2A00435CD3 /* MKMapView+oba_Additions.m in Sources */ = {isa = PBXBuildFile; fileRef = 931C42C1160E4B2A00435CD3 /* MKMapView+oba_Additions.m */; };
		931C42CD160F984000435CD3 /* OBAShadowLabel.m in Sources */ = {isa = PBXBuildFile; fileRef = 931C42CC160F984000435CD3 /* OBAShadowLabel.m */; };
		932BE49D1AB66D320011F2FB /* OBAAgenciesListViewController.m in Sources */ = {isa = PBXBuildFile; fileRef = 932BE4931AB66D320011F2FB /* OBAAgenciesListViewController.m */; };
		932BE49E1AB66D320011F2FB /* OBAContactUsViewController.m in Sources */ = {isa = PBXBuildFile; fileRef = 932BE4951AB66D320011F2FB /* OBAContactUsViewController.m */; };
		932BE49F1AB66D320011F2FB /* OBAInfoViewController.m in Sources */ = {isa = PBXBuildFile; fileRef = 932BE4971AB66D320011F2FB /* OBAInfoViewController.m */; };
		932BE4A01AB66D320011F2FB /* OBAInfoViewController.xib in Resources */ = {isa = PBXBuildFile; fileRef = 932BE4981AB66D320011F2FB /* OBAInfoViewController.xib */; };
		932BE4A11AB66D320011F2FB /* OBARegionListViewController.m in Sources */ = {isa = PBXBuildFile; fileRef = 932BE49A1AB66D320011F2FB /* OBARegionListViewController.m */; };
		932BE4A21AB66D320011F2FB /* OBASettingsViewController.m in Sources */ = {isa = PBXBuildFile; fileRef = 932BE49C1AB66D320011F2FB /* OBASettingsViewController.m */; };
		932BE4BB1AB66D5C0011F2FB /* OBAEditStopPreferencesViewController.m in Sources */ = {isa = PBXBuildFile; fileRef = 932BE4AB1AB66D5C0011F2FB /* OBAEditStopPreferencesViewController.m */; };
		932BE4BC1AB66D5C0011F2FB /* OBAGenericStopViewController.m in Sources */ = {isa = PBXBuildFile; fileRef = 932BE4AD1AB66D5C0011F2FB /* OBAGenericStopViewController.m */; };
		932BE4BD1AB66D5C0011F2FB /* OBAReportProblemViewController.m in Sources */ = {isa = PBXBuildFile; fileRef = 932BE4AF1AB66D5C0011F2FB /* OBAReportProblemViewController.m */; };
		932BE4BE1AB66D5C0011F2FB /* OBAReportProblemWithRecentTripsViewController.m in Sources */ = {isa = PBXBuildFile; fileRef = 932BE4B11AB66D5C0011F2FB /* OBAReportProblemWithRecentTripsViewController.m */; };
		932BE4BF1AB66D5C0011F2FB /* OBAReportProblemWithStopViewController.m in Sources */ = {isa = PBXBuildFile; fileRef = 932BE4B31AB66D5C0011F2FB /* OBAReportProblemWithStopViewController.m */; };
		932BE4C01AB66D5C0011F2FB /* OBAStopViewController.m in Sources */ = {isa = PBXBuildFile; fileRef = 932BE4B51AB66D5C0011F2FB /* OBAStopViewController.m */; };
		932BE4C11AB66D5C0011F2FB /* OBAStopWebViewController.m in Sources */ = {isa = PBXBuildFile; fileRef = 932BE4B71AB66D5C0011F2FB /* OBAStopWebViewController.m */; };
		932BE4CD1AB66D710011F2FB /* OBAArrivalAndDepartureViewController.m in Sources */ = {isa = PBXBuildFile; fileRef = 932BE4C41AB66D710011F2FB /* OBAArrivalAndDepartureViewController.m */; };
		932BE4CE1AB66D710011F2FB /* OBAReportProblemWithTripViewController.m in Sources */ = {isa = PBXBuildFile; fileRef = 932BE4C61AB66D710011F2FB /* OBAReportProblemWithTripViewController.m */; };
		932BE4CF1AB66D710011F2FB /* OBATripDetailsViewController.m in Sources */ = {isa = PBXBuildFile; fileRef = 932BE4C81AB66D710011F2FB /* OBATripDetailsViewController.m */; };
		932BE4D01AB66D710011F2FB /* OBATripScheduleListViewController.m in Sources */ = {isa = PBXBuildFile; fileRef = 932BE4CA1AB66D710011F2FB /* OBATripScheduleListViewController.m */; };
		932BE4D11AB66D710011F2FB /* OBATripScheduleMapViewController.m in Sources */ = {isa = PBXBuildFile; fileRef = 932BE4CC1AB66D710011F2FB /* OBATripScheduleMapViewController.m */; };
		932BE4D91AB66D890011F2FB /* OBADiversionViewController.m in Sources */ = {isa = PBXBuildFile; fileRef = 932BE4D41AB66D890011F2FB /* OBADiversionViewController.m */; };
		932BE4DA1AB66D890011F2FB /* OBASituationsViewController.m in Sources */ = {isa = PBXBuildFile; fileRef = 932BE4D61AB66D890011F2FB /* OBASituationsViewController.m */; };
		932BE4DB1AB66D890011F2FB /* OBASituationViewController.m in Sources */ = {isa = PBXBuildFile; fileRef = 932BE4D81AB66D890011F2FB /* OBASituationViewController.m */; };
		932BE4DE1AB66DA90011F2FB /* OBACustomApiViewController.m in Sources */ = {isa = PBXBuildFile; fileRef = 932BE4DD1AB66DA90011F2FB /* OBACustomApiViewController.m */; };
		932BE4E11AB66DBD0011F2FB /* OBACreditsViewController.m in Sources */ = {isa = PBXBuildFile; fileRef = 932BE4E01AB66DBD0011F2FB /* OBACreditsViewController.m */; };
		932BE4E91AB66E3C0011F2FB /* OBAEditBookmarkGroupViewController.m in Sources */ = {isa = PBXBuildFile; fileRef = 932BE4E41AB66E3C0011F2FB /* OBAEditBookmarkGroupViewController.m */; };
		932BE4EA1AB66E3C0011F2FB /* OBAEditStopBookmarkGroupViewController.m in Sources */ = {isa = PBXBuildFile; fileRef = 932BE4E61AB66E3C0011F2FB /* OBAEditStopBookmarkGroupViewController.m */; };
		932BE4EB1AB66E3C0011F2FB /* OBAEditStopBookmarkViewController.m in Sources */ = {isa = PBXBuildFile; fileRef = 932BE4E81AB66E3C0011F2FB /* OBAEditStopBookmarkViewController.m */; };
		932BE4EE1AB66E640011F2FB /* OBABookmarksViewController.m in Sources */ = {isa = PBXBuildFile; fileRef = 932BE4ED1AB66E640011F2FB /* OBABookmarksViewController.m */; };
		932BE4F61AB66E990011F2FB /* OBASearchController.m in Sources */ = {isa = PBXBuildFile; fileRef = 932BE4F11AB66E990011F2FB /* OBASearchController.m */; };
		932BE4F71AB66E990011F2FB /* OBASearchResultsListViewController.m in Sources */ = {isa = PBXBuildFile; fileRef = 932BE4F31AB66E990011F2FB /* OBASearchResultsListViewController.m */; };
		932BE4F81AB66E990011F2FB /* OBASearchResultsMapViewController.m in Sources */ = {isa = PBXBuildFile; fileRef = 932BE4F51AB66E990011F2FB /* OBASearchResultsMapViewController.m */; };
		932BE4FB1AB66EDD0011F2FB /* OBAVehicleDetailsController.m in Sources */ = {isa = PBXBuildFile; fileRef = 932BE4FA1AB66EDD0011F2FB /* OBAVehicleDetailsController.m */; };
		932BE4FF1AB66EF20011F2FB /* OBARecentStopsViewController.m in Sources */ = {isa = PBXBuildFile; fileRef = 932BE4FE1AB66EF20011F2FB /* OBARecentStopsViewController.m */; };
		932BE5011AB66F990011F2FB /* OBAArrivalEntryTableViewCell.xib in Resources */ = {isa = PBXBuildFile; fileRef = 932BE5001AB66F990011F2FB /* OBAArrivalEntryTableViewCell.xib */; };
		932BE5031AB66FCB0011F2FB /* OBACreditsViewController.xib in Resources */ = {isa = PBXBuildFile; fileRef = 932BE5021AB66FCB0011F2FB /* OBACreditsViewController.xib */; };
		932BE5051AB6705F0011F2FB /* OBADiversionViewController.xib in Resources */ = {isa = PBXBuildFile; fileRef = 932BE5041AB6705F0011F2FB /* OBADiversionViewController.xib */; };
		932BE5071AB671000011F2FB /* OBALabelAndSwitchTableViewCell.xib in Resources */ = {isa = PBXBuildFile; fileRef = 932BE5061AB671000011F2FB /* OBALabelAndSwitchTableViewCell.xib */; };
		932BE5091AB671400011F2FB /* OBAGenericStopViewController.xib in Resources */ = {isa = PBXBuildFile; fileRef = 932BE5081AB671400011F2FB /* OBAGenericStopViewController.xib */; };
		932BE50B1AB6719D0011F2FB /* OBATripScheduleMapViewController.xib in Resources */ = {isa = PBXBuildFile; fileRef = 932BE50A1AB6719D0011F2FB /* OBATripScheduleMapViewController.xib */; };
		932BE50D1AB671BD0011F2FB /* OBALabelAndTextFieldTableViewCell.xib in Resources */ = {isa = PBXBuildFile; fileRef = 932BE50C1AB671BD0011F2FB /* OBALabelAndTextFieldTableViewCell.xib */; };
		932BE50F1AB671EB0011F2FB /* OBAProgressIndicatorView.xib in Resources */ = {isa = PBXBuildFile; fileRef = 932BE50E1AB671EB0011F2FB /* OBAProgressIndicatorView.xib */; };
		932BE5111AB672170011F2FB /* OBATextEditViewController.xib in Resources */ = {isa = PBXBuildFile; fileRef = 932BE5101AB672170011F2FB /* OBATextEditViewController.xib */; };
		932BE5131AB672730011F2FB /* OBAWebViewController.xib in Resources */ = {isa = PBXBuildFile; fileRef = 932BE5121AB672730011F2FB /* OBAWebViewController.xib */; };
		932BE5151AB672940011F2FB /* OBATextFieldTableViewCell.xib in Resources */ = {isa = PBXBuildFile; fileRef = 932BE5141AB672940011F2FB /* OBATextFieldTableViewCell.xib */; };
		932BE5171AB672B50011F2FB /* OBASearchResultsMapViewController.xib in Resources */ = {isa = PBXBuildFile; fileRef = 932BE5161AB672B50011F2FB /* OBASearchResultsMapViewController.xib */; };
		9330DEEA16050CA600E14AF4 /* credits.html in Resources */ = {isa = PBXBuildFile; fileRef = 9330DEE916050CA600E14AF4 /* credits.html */; };
		9330DF281606405100E14AF4 /* OBAScopeView.m in Sources */ = {isa = PBXBuildFile; fileRef = 9330DF271606405100E14AF4 /* OBAScopeView.m */; };
		934445FA1AB105FB005B3333 /* capitolhill.gpx in Resources */ = {isa = PBXBuildFile; fileRef = 934445F81AB105FB005B3333 /* capitolhill.gpx */; };
		934446B51AB10E67005B3333 /* UINavigationController+oba_Additions.m in Sources */ = {isa = PBXBuildFile; fileRef = 934446B41AB10E67005B3333 /* UINavigationController+oba_Additions.m */; };
		934446B81AB10ECA005B3333 /* UITableViewCell+oba_Additions.m in Sources */ = {isa = PBXBuildFile; fileRef = 934446B71AB10ECA005B3333 /* UITableViewCell+oba_Additions.m */; };
		934446BD1AB11033005B3333 /* OBALabelAndSwitchTableViewCell.m in Sources */ = {isa = PBXBuildFile; fileRef = 934446BA1AB11033005B3333 /* OBALabelAndSwitchTableViewCell.m */; };
		934446BE1AB11033005B3333 /* OBATextFieldTableViewCell.m in Sources */ = {isa = PBXBuildFile; fileRef = 934446BC1AB11033005B3333 /* OBATextFieldTableViewCell.m */; };
		934446CF1AB12B29005B3333 /* OBARequestDrivenTableViewController.m in Sources */ = {isa = PBXBuildFile; fileRef = 934446CA1AB12B29005B3333 /* OBARequestDrivenTableViewController.m */; };
		934446D01AB12B29005B3333 /* OBATextEditViewController.m in Sources */ = {isa = PBXBuildFile; fileRef = 934446CC1AB12B29005B3333 /* OBATextEditViewController.m */; };
		934446D11AB12B29005B3333 /* OBAWebViewController.m in Sources */ = {isa = PBXBuildFile; fileRef = 934446CE1AB12B29005B3333 /* OBAWebViewController.m */; };
		934446D41AB12C0C005B3333 /* OBAListSelectionViewController.m in Sources */ = {isa = PBXBuildFile; fileRef = 934446D31AB12C0C005B3333 /* OBAListSelectionViewController.m */; };
		934446D91AB12C5D005B3333 /* OBAModalActivityIndicator.m in Sources */ = {isa = PBXBuildFile; fileRef = 934446D61AB12C5D005B3333 /* OBAModalActivityIndicator.m */; };
		934446DA1AB12C5D005B3333 /* OBAProgressIndicatorView.m in Sources */ = {isa = PBXBuildFile; fileRef = 934446D81AB12C5D005B3333 /* OBAProgressIndicatorView.m */; };
		93631E4C1604F96800CB7209 /* OBAApplicationDelegate.m in Sources */ = {isa = PBXBuildFile; fileRef = 93631E4B1604F96800CB7209 /* OBAApplicationDelegate.m */; };
		93631E801604F9A300CB7209 /* OBANetworkErrorAlertViewDelegate.m in Sources */ = {isa = PBXBuildFile; fileRef = 93631E7C1604F9A200CB7209 /* OBANetworkErrorAlertViewDelegate.m */; };
		93631E811604F9A300CB7209 /* OBASearchResultsMapFilterToolbar.m in Sources */ = {isa = PBXBuildFile; fileRef = 93631E7F1604F9A200CB7209 /* OBASearchResultsMapFilterToolbar.m */; };
		9388E9DD1A9BCC8900C9F6CE /* feedback_message_body.html in Resources */ = {isa = PBXBuildFile; fileRef = 9388E9DC1A9BCC8900C9F6CE /* feedback_message_body.html */; };
		93AD36431603FE7E00BDF03F /* OBAArrivalEntryTableViewCell.m in Sources */ = {isa = PBXBuildFile; fileRef = 93AD363A1603FE7E00BDF03F /* OBAArrivalEntryTableViewCell.m */; };
		93AD36441603FE7E00BDF03F /* OBAArrivalEntryTableViewCellFactory.m in Sources */ = {isa = PBXBuildFile; fileRef = 93AD363C1603FE7E00BDF03F /* OBAArrivalEntryTableViewCellFactory.m */; };
		93AD36451603FE7E00BDF03F /* OBALabelAndTextFieldTableViewCell.m in Sources */ = {isa = PBXBuildFile; fileRef = 93AD363E1603FE7E00BDF03F /* OBALabelAndTextFieldTableViewCell.m */; };
		93AD369D1604027E00BDF03F /* OBAProgressIndicatorImpl.m in Sources */ = {isa = PBXBuildFile; fileRef = 93AD369B1604027E00BDF03F /* OBAProgressIndicatorImpl.m */; };
		93B32FF31AC4912F001DC177 /* UIViewController+OBAAnalytics.m in Sources */ = {isa = PBXBuildFile; fileRef = 93B32FF21AC4912F001DC177 /* UIViewController+OBAAnalytics.m */; };
		93E0954719CE051700A31BA6 /* OBALaunchScreen.xib in Resources */ = {isa = PBXBuildFile; fileRef = 93E0954619CE051700A31BA6 /* OBALaunchScreen.xib */; };
		93F152F61A9AE91A0015C141 /* OneBusAway_Tests.m in Sources */ = {isa = PBXBuildFile; fileRef = 93F152F51A9AE91A0015C141 /* OneBusAway_Tests.m */; };
		93F153021A9AEA500015C141 /* OBAURLHelpers_Tests.m in Sources */ = {isa = PBXBuildFile; fileRef = 93F153011A9AEA500015C141 /* OBAURLHelpers_Tests.m */; };
		93F64E971BE5ACC300323527 /* OBAAlerts.m in Sources */ = {isa = PBXBuildFile; fileRef = 93F64E961BE5ACC300323527 /* OBAAlerts.m */; };
		D651BB2811C9D5DE001BE733 /* iTunesArtwork in Resources */ = {isa = PBXBuildFile; fileRef = D651BB2711C9D5DE001BE733 /* iTunesArtwork */; };
		D6575AEC0FEE13CF00D6D987 /* Entitlements.plist in Resources */ = {isa = PBXBuildFile; fileRef = D6575AEB0FEE13CF00D6D987 /* Entitlements.plist */; };
/* End PBXBuildFile section */

/* Begin PBXContainerItemProxy section */
		93F152F71A9AE91A0015C141 /* PBXContainerItemProxy */ = {
			isa = PBXContainerItemProxy;
			containerPortal = 29B97313FDCFA39411CA2CEA /* Project object */;
			proxyType = 1;
			remoteGlobalIDString = 1D6058900D05DD3D006BFB54;
			remoteInfo = OneBusAway;
		};
		B58A05741AFF5F6F007C9E4A /* PBXContainerItemProxy */ = {
			isa = PBXContainerItemProxy;
			containerPortal = 669B2D5A1AEBE63800CF2367 /* OneBusAwaySDK.xcodeproj */;
			proxyType = 2;
			remoteGlobalIDString = 669B2D401AEBE63800CF2367;
			remoteInfo = OneBusAwaySDK;
		};
		B58A05761AFF5F6F007C9E4A /* PBXContainerItemProxy */ = {
			isa = PBXContainerItemProxy;
			containerPortal = 669B2D5A1AEBE63800CF2367 /* OneBusAwaySDK.xcodeproj */;
			proxyType = 2;
			remoteGlobalIDString = 669B2D4B1AEBE63800CF2367;
			remoteInfo = OneBusAwaySDKTests;
		};
/* End PBXContainerItemProxy section */

/* Begin PBXFileReference section */
		13105E482CCDE283CE77C92E /* Pods.adhocdistribution.xcconfig */ = {isa = PBXFileReference; includeInIndex = 1; lastKnownFileType = text.xcconfig; name = Pods.adhocdistribution.xcconfig; path = "Pods/Target Support Files/Pods/Pods.adhocdistribution.xcconfig"; sourceTree = "<group>"; };
		1D6058910D05DD3D006BFB54 /* OneBusAway.app */ = {isa = PBXFileReference; explicitFileType = wrapper.application; includeInIndex = 0; path = OneBusAway.app; sourceTree = BUILT_PRODUCTS_DIR; };
		26DE16A6837EFF5DCD23D805 /* Pods-OneBusAway.adhocdistribution.xcconfig */ = {isa = PBXFileReference; includeInIndex = 1; lastKnownFileType = text.xcconfig; name = "Pods-OneBusAway.adhocdistribution.xcconfig"; path = "Pods/Target Support Files/Pods-OneBusAway/Pods-OneBusAway.adhocdistribution.xcconfig"; sourceTree = "<group>"; };
		28A0AB4B0D9B1048005BE974 /* org_onebusaway_iphone_Prefix.pch */ = {isa = PBXFileReference; fileEncoding = 4; lastKnownFileType = sourcecode.c.h; path = org_onebusaway_iphone_Prefix.pch; sourceTree = "<group>"; };
		29B97316FDCFA39411CA2CEA /* main.m */ = {isa = PBXFileReference; fileEncoding = 4; lastKnownFileType = sourcecode.c.objc; path = main.m; sourceTree = "<group>"; };
		54CB67407CF2B898E5D99654 /* Pods-OneBusAway.release.xcconfig */ = {isa = PBXFileReference; includeInIndex = 1; lastKnownFileType = text.xcconfig; name = "Pods-OneBusAway.release.xcconfig"; path = "Pods/Target Support Files/Pods-OneBusAway/Pods-OneBusAway.release.xcconfig"; sourceTree = "<group>"; };
		669B2D5A1AEBE63800CF2367 /* OneBusAwaySDK.xcodeproj */ = {isa = PBXFileReference; lastKnownFileType = "wrapper.pb-project"; name = OneBusAwaySDK.xcodeproj; path = sdk/OneBusAwaySDK.xcodeproj; sourceTree = "<group>"; };
		669B2F721AEBF92E00CF2367 /* OBAReleaseNotesManager.h */ = {isa = PBXFileReference; fileEncoding = 4; lastKnownFileType = sourcecode.c.h; path = OBAReleaseNotesManager.h; sourceTree = "<group>"; };
		669B2F731AEBF92E00CF2367 /* OBAReleaseNotesManager.m */ = {isa = PBXFileReference; fileEncoding = 4; lastKnownFileType = sourcecode.c.objc; path = OBAReleaseNotesManager.m; sourceTree = "<group>"; };
		669B2F761AEBFCB300CF2367 /* OBAAnalytics.h */ = {isa = PBXFileReference; fileEncoding = 4; lastKnownFileType = sourcecode.c.h; path = OBAAnalytics.h; sourceTree = "<group>"; };
		669B2F771AEBFCB300CF2367 /* OBAAnalytics.m */ = {isa = PBXFileReference; fileEncoding = 4; lastKnownFileType = sourcecode.c.objc; path = OBAAnalytics.m; sourceTree = "<group>"; };
		669B2F7E1AEBFEBF00CF2367 /* OBARegionHelper.h */ = {isa = PBXFileReference; fileEncoding = 4; lastKnownFileType = sourcecode.c.h; path = OBARegionHelper.h; sourceTree = "<group>"; };
		669B2F7F1AEBFEBF00CF2367 /* OBARegionHelper.m */ = {isa = PBXFileReference; fileEncoding = 4; lastKnownFileType = sourcecode.c.objc; path = OBARegionHelper.m; sourceTree = "<group>"; };
		669B2F8B1AEC049D00CF2367 /* libOneBusAwaySDK.a */ = {isa = PBXFileReference; lastKnownFileType = archive.ar; name = libOneBusAwaySDK.a; path = "sdk/build/Debug-iphoneos/libOneBusAwaySDK.a"; sourceTree = "<group>"; };
		8D1107310486CEB800E47090 /* Info.plist */ = {isa = PBXFileReference; fileEncoding = 4; lastKnownFileType = text.plist.xml; path = Info.plist; sourceTree = "<group>"; };
		923FE67E176082A7009AFDE8 /* UITableViewController+oba_Additions.h */ = {isa = PBXFileReference; fileEncoding = 4; lastKnownFileType = sourcecode.c.h; path = "UITableViewController+oba_Additions.h"; sourceTree = "<group>"; };
		923FE67F176082A7009AFDE8 /* UITableViewController+oba_Additions.m */ = {isa = PBXFileReference; fileEncoding = 4; lastKnownFileType = sourcecode.c.objc; path = "UITableViewController+oba_Additions.m"; sourceTree = "<group>"; };
		928E12B117D7863400FD855E /* Images.xcassets */ = {isa = PBXFileReference; lastKnownFileType = folder.assetcatalog; name = Images.xcassets; path = OneBusAway/Images.xcassets; sourceTree = "<group>"; };
		931C42C0160E4B2A00435CD3 /* MKMapView+oba_Additions.h */ = {isa = PBXFileReference; fileEncoding = 4; lastKnownFileType = sourcecode.c.h; path = "MKMapView+oba_Additions.h"; sourceTree = "<group>"; };
		931C42C1160E4B2A00435CD3 /* MKMapView+oba_Additions.m */ = {isa = PBXFileReference; fileEncoding = 4; lastKnownFileType = sourcecode.c.objc; path = "MKMapView+oba_Additions.m"; sourceTree = "<group>"; };
		931C42CB160F984000435CD3 /* OBAShadowLabel.h */ = {isa = PBXFileReference; fileEncoding = 4; lastKnownFileType = sourcecode.c.h; path = OBAShadowLabel.h; sourceTree = "<group>"; };
		931C42CC160F984000435CD3 /* OBAShadowLabel.m */ = {isa = PBXFileReference; fileEncoding = 4; lastKnownFileType = sourcecode.c.objc; path = OBAShadowLabel.m; sourceTree = "<group>"; };
		932BE4921AB66D320011F2FB /* OBAAgenciesListViewController.h */ = {isa = PBXFileReference; fileEncoding = 4; lastKnownFileType = sourcecode.c.h; path = OBAAgenciesListViewController.h; sourceTree = "<group>"; };
		932BE4931AB66D320011F2FB /* OBAAgenciesListViewController.m */ = {isa = PBXFileReference; fileEncoding = 4; lastKnownFileType = sourcecode.c.objc; path = OBAAgenciesListViewController.m; sourceTree = "<group>"; };
		932BE4941AB66D320011F2FB /* OBAContactUsViewController.h */ = {isa = PBXFileReference; fileEncoding = 4; lastKnownFileType = sourcecode.c.h; path = OBAContactUsViewController.h; sourceTree = "<group>"; };
		932BE4951AB66D320011F2FB /* OBAContactUsViewController.m */ = {isa = PBXFileReference; fileEncoding = 4; lastKnownFileType = sourcecode.c.objc; path = OBAContactUsViewController.m; sourceTree = "<group>"; };
		932BE4961AB66D320011F2FB /* OBAInfoViewController.h */ = {isa = PBXFileReference; fileEncoding = 4; lastKnownFileType = sourcecode.c.h; path = OBAInfoViewController.h; sourceTree = "<group>"; };
		932BE4971AB66D320011F2FB /* OBAInfoViewController.m */ = {isa = PBXFileReference; fileEncoding = 4; lastKnownFileType = sourcecode.c.objc; path = OBAInfoViewController.m; sourceTree = "<group>"; };
		932BE4981AB66D320011F2FB /* OBAInfoViewController.xib */ = {isa = PBXFileReference; fileEncoding = 4; lastKnownFileType = file.xib; path = OBAInfoViewController.xib; sourceTree = "<group>"; };
		932BE4991AB66D320011F2FB /* OBARegionListViewController.h */ = {isa = PBXFileReference; fileEncoding = 4; lastKnownFileType = sourcecode.c.h; path = OBARegionListViewController.h; sourceTree = "<group>"; };
		932BE49A1AB66D320011F2FB /* OBARegionListViewController.m */ = {isa = PBXFileReference; fileEncoding = 4; lastKnownFileType = sourcecode.c.objc; path = OBARegionListViewController.m; sourceTree = "<group>"; };
		932BE49B1AB66D320011F2FB /* OBASettingsViewController.h */ = {isa = PBXFileReference; fileEncoding = 4; lastKnownFileType = sourcecode.c.h; path = OBASettingsViewController.h; sourceTree = "<group>"; };
		932BE49C1AB66D320011F2FB /* OBASettingsViewController.m */ = {isa = PBXFileReference; fileEncoding = 4; lastKnownFileType = sourcecode.c.objc; path = OBASettingsViewController.m; sourceTree = "<group>"; };
		932BE4AA1AB66D5C0011F2FB /* OBAEditStopPreferencesViewController.h */ = {isa = PBXFileReference; fileEncoding = 4; lastKnownFileType = sourcecode.c.h; path = OBAEditStopPreferencesViewController.h; sourceTree = "<group>"; };
		932BE4AB1AB66D5C0011F2FB /* OBAEditStopPreferencesViewController.m */ = {isa = PBXFileReference; fileEncoding = 4; lastKnownFileType = sourcecode.c.objc; path = OBAEditStopPreferencesViewController.m; sourceTree = "<group>"; };
		932BE4AC1AB66D5C0011F2FB /* OBAGenericStopViewController.h */ = {isa = PBXFileReference; fileEncoding = 4; lastKnownFileType = sourcecode.c.h; path = OBAGenericStopViewController.h; sourceTree = "<group>"; };
		932BE4AD1AB66D5C0011F2FB /* OBAGenericStopViewController.m */ = {isa = PBXFileReference; fileEncoding = 4; lastKnownFileType = sourcecode.c.objc; path = OBAGenericStopViewController.m; sourceTree = "<group>"; };
		932BE4AE1AB66D5C0011F2FB /* OBAReportProblemViewController.h */ = {isa = PBXFileReference; fileEncoding = 4; lastKnownFileType = sourcecode.c.h; path = OBAReportProblemViewController.h; sourceTree = "<group>"; };
		932BE4AF1AB66D5C0011F2FB /* OBAReportProblemViewController.m */ = {isa = PBXFileReference; fileEncoding = 4; lastKnownFileType = sourcecode.c.objc; lineEnding = 0; path = OBAReportProblemViewController.m; sourceTree = "<group>"; xcLanguageSpecificationIdentifier = xcode.lang.objc; };
		932BE4B01AB66D5C0011F2FB /* OBAReportProblemWithRecentTripsViewController.h */ = {isa = PBXFileReference; fileEncoding = 4; lastKnownFileType = sourcecode.c.h; path = OBAReportProblemWithRecentTripsViewController.h; sourceTree = "<group>"; };
		932BE4B11AB66D5C0011F2FB /* OBAReportProblemWithRecentTripsViewController.m */ = {isa = PBXFileReference; fileEncoding = 4; lastKnownFileType = sourcecode.c.objc; path = OBAReportProblemWithRecentTripsViewController.m; sourceTree = "<group>"; };
		932BE4B21AB66D5C0011F2FB /* OBAReportProblemWithStopViewController.h */ = {isa = PBXFileReference; fileEncoding = 4; lastKnownFileType = sourcecode.c.h; path = OBAReportProblemWithStopViewController.h; sourceTree = "<group>"; };
		932BE4B31AB66D5C0011F2FB /* OBAReportProblemWithStopViewController.m */ = {isa = PBXFileReference; fileEncoding = 4; lastKnownFileType = sourcecode.c.objc; lineEnding = 0; path = OBAReportProblemWithStopViewController.m; sourceTree = "<group>"; xcLanguageSpecificationIdentifier = xcode.lang.objc; };
		932BE4B41AB66D5C0011F2FB /* OBAStopViewController.h */ = {isa = PBXFileReference; fileEncoding = 4; lastKnownFileType = sourcecode.c.h; path = OBAStopViewController.h; sourceTree = "<group>"; };
		932BE4B51AB66D5C0011F2FB /* OBAStopViewController.m */ = {isa = PBXFileReference; fileEncoding = 4; lastKnownFileType = sourcecode.c.objc; path = OBAStopViewController.m; sourceTree = "<group>"; };
		932BE4B61AB66D5C0011F2FB /* OBAStopWebViewController.h */ = {isa = PBXFileReference; fileEncoding = 4; lastKnownFileType = sourcecode.c.h; path = OBAStopWebViewController.h; sourceTree = "<group>"; };
		932BE4B71AB66D5C0011F2FB /* OBAStopWebViewController.m */ = {isa = PBXFileReference; fileEncoding = 4; lastKnownFileType = sourcecode.c.objc; path = OBAStopWebViewController.m; sourceTree = "<group>"; };
		932BE4C31AB66D710011F2FB /* OBAArrivalAndDepartureViewController.h */ = {isa = PBXFileReference; fileEncoding = 4; lastKnownFileType = sourcecode.c.h; path = OBAArrivalAndDepartureViewController.h; sourceTree = "<group>"; };
		932BE4C41AB66D710011F2FB /* OBAArrivalAndDepartureViewController.m */ = {isa = PBXFileReference; fileEncoding = 4; lastKnownFileType = sourcecode.c.objc; path = OBAArrivalAndDepartureViewController.m; sourceTree = "<group>"; };
		932BE4C51AB66D710011F2FB /* OBAReportProblemWithTripViewController.h */ = {isa = PBXFileReference; fileEncoding = 4; lastKnownFileType = sourcecode.c.h; path = OBAReportProblemWithTripViewController.h; sourceTree = "<group>"; };
		932BE4C61AB66D710011F2FB /* OBAReportProblemWithTripViewController.m */ = {isa = PBXFileReference; fileEncoding = 4; lastKnownFileType = sourcecode.c.objc; lineEnding = 0; path = OBAReportProblemWithTripViewController.m; sourceTree = "<group>"; xcLanguageSpecificationIdentifier = xcode.lang.objc; };
		932BE4C71AB66D710011F2FB /* OBATripDetailsViewController.h */ = {isa = PBXFileReference; fileEncoding = 4; lastKnownFileType = sourcecode.c.h; path = OBATripDetailsViewController.h; sourceTree = "<group>"; };
		932BE4C81AB66D710011F2FB /* OBATripDetailsViewController.m */ = {isa = PBXFileReference; fileEncoding = 4; lastKnownFileType = sourcecode.c.objc; path = OBATripDetailsViewController.m; sourceTree = "<group>"; };
		932BE4C91AB66D710011F2FB /* OBATripScheduleListViewController.h */ = {isa = PBXFileReference; fileEncoding = 4; lastKnownFileType = sourcecode.c.h; path = OBATripScheduleListViewController.h; sourceTree = "<group>"; };
		932BE4CA1AB66D710011F2FB /* OBATripScheduleListViewController.m */ = {isa = PBXFileReference; fileEncoding = 4; lastKnownFileType = sourcecode.c.objc; path = OBATripScheduleListViewController.m; sourceTree = "<group>"; };
		932BE4CB1AB66D710011F2FB /* OBATripScheduleMapViewController.h */ = {isa = PBXFileReference; fileEncoding = 4; lastKnownFileType = sourcecode.c.h; path = OBATripScheduleMapViewController.h; sourceTree = "<group>"; };
		932BE4CC1AB66D710011F2FB /* OBATripScheduleMapViewController.m */ = {isa = PBXFileReference; fileEncoding = 4; lastKnownFileType = sourcecode.c.objc; lineEnding = 0; path = OBATripScheduleMapViewController.m; sourceTree = "<group>"; xcLanguageSpecificationIdentifier = xcode.lang.objc; };
		932BE4D31AB66D890011F2FB /* OBADiversionViewController.h */ = {isa = PBXFileReference; fileEncoding = 4; lastKnownFileType = sourcecode.c.h; path = OBADiversionViewController.h; sourceTree = "<group>"; };
		932BE4D41AB66D890011F2FB /* OBADiversionViewController.m */ = {isa = PBXFileReference; fileEncoding = 4; lastKnownFileType = sourcecode.c.objc; path = OBADiversionViewController.m; sourceTree = "<group>"; };
		932BE4D51AB66D890011F2FB /* OBASituationsViewController.h */ = {isa = PBXFileReference; fileEncoding = 4; lastKnownFileType = sourcecode.c.h; path = OBASituationsViewController.h; sourceTree = "<group>"; };
		932BE4D61AB66D890011F2FB /* OBASituationsViewController.m */ = {isa = PBXFileReference; fileEncoding = 4; lastKnownFileType = sourcecode.c.objc; path = OBASituationsViewController.m; sourceTree = "<group>"; };
		932BE4D71AB66D890011F2FB /* OBASituationViewController.h */ = {isa = PBXFileReference; fileEncoding = 4; lastKnownFileType = sourcecode.c.h; path = OBASituationViewController.h; sourceTree = "<group>"; };
		932BE4D81AB66D890011F2FB /* OBASituationViewController.m */ = {isa = PBXFileReference; fileEncoding = 4; lastKnownFileType = sourcecode.c.objc; path = OBASituationViewController.m; sourceTree = "<group>"; };
		932BE4DC1AB66DA90011F2FB /* OBACustomApiViewController.h */ = {isa = PBXFileReference; fileEncoding = 4; lastKnownFileType = sourcecode.c.h; path = OBACustomApiViewController.h; sourceTree = "<group>"; };
		932BE4DD1AB66DA90011F2FB /* OBACustomApiViewController.m */ = {isa = PBXFileReference; fileEncoding = 4; lastKnownFileType = sourcecode.c.objc; path = OBACustomApiViewController.m; sourceTree = "<group>"; };
		932BE4DF1AB66DBD0011F2FB /* OBACreditsViewController.h */ = {isa = PBXFileReference; fileEncoding = 4; lastKnownFileType = sourcecode.c.h; path = OBACreditsViewController.h; sourceTree = "<group>"; };
		932BE4E01AB66DBD0011F2FB /* OBACreditsViewController.m */ = {isa = PBXFileReference; fileEncoding = 4; lastKnownFileType = sourcecode.c.objc; path = OBACreditsViewController.m; sourceTree = "<group>"; };
		932BE4E31AB66E3C0011F2FB /* OBAEditBookmarkGroupViewController.h */ = {isa = PBXFileReference; fileEncoding = 4; lastKnownFileType = sourcecode.c.h; path = OBAEditBookmarkGroupViewController.h; sourceTree = "<group>"; };
		932BE4E41AB66E3C0011F2FB /* OBAEditBookmarkGroupViewController.m */ = {isa = PBXFileReference; fileEncoding = 4; lastKnownFileType = sourcecode.c.objc; path = OBAEditBookmarkGroupViewController.m; sourceTree = "<group>"; };
		932BE4E51AB66E3C0011F2FB /* OBAEditStopBookmarkGroupViewController.h */ = {isa = PBXFileReference; fileEncoding = 4; lastKnownFileType = sourcecode.c.h; path = OBAEditStopBookmarkGroupViewController.h; sourceTree = "<group>"; };
		932BE4E61AB66E3C0011F2FB /* OBAEditStopBookmarkGroupViewController.m */ = {isa = PBXFileReference; fileEncoding = 4; lastKnownFileType = sourcecode.c.objc; path = OBAEditStopBookmarkGroupViewController.m; sourceTree = "<group>"; };
		932BE4E71AB66E3C0011F2FB /* OBAEditStopBookmarkViewController.h */ = {isa = PBXFileReference; fileEncoding = 4; lastKnownFileType = sourcecode.c.h; path = OBAEditStopBookmarkViewController.h; sourceTree = "<group>"; };
		932BE4E81AB66E3C0011F2FB /* OBAEditStopBookmarkViewController.m */ = {isa = PBXFileReference; fileEncoding = 4; lastKnownFileType = sourcecode.c.objc; path = OBAEditStopBookmarkViewController.m; sourceTree = "<group>"; };
		932BE4EC1AB66E640011F2FB /* OBABookmarksViewController.h */ = {isa = PBXFileReference; fileEncoding = 4; lastKnownFileType = sourcecode.c.h; path = OBABookmarksViewController.h; sourceTree = "<group>"; };
		932BE4ED1AB66E640011F2FB /* OBABookmarksViewController.m */ = {isa = PBXFileReference; fileEncoding = 4; lastKnownFileType = sourcecode.c.objc; path = OBABookmarksViewController.m; sourceTree = "<group>"; };
		932BE4F01AB66E990011F2FB /* OBASearchController.h */ = {isa = PBXFileReference; fileEncoding = 4; lastKnownFileType = sourcecode.c.h; path = OBASearchController.h; sourceTree = "<group>"; };
		932BE4F11AB66E990011F2FB /* OBASearchController.m */ = {isa = PBXFileReference; fileEncoding = 4; lastKnownFileType = sourcecode.c.objc; path = OBASearchController.m; sourceTree = "<group>"; };
		932BE4F21AB66E990011F2FB /* OBASearchResultsListViewController.h */ = {isa = PBXFileReference; fileEncoding = 4; lastKnownFileType = sourcecode.c.h; path = OBASearchResultsListViewController.h; sourceTree = "<group>"; };
		932BE4F31AB66E990011F2FB /* OBASearchResultsListViewController.m */ = {isa = PBXFileReference; fileEncoding = 4; lastKnownFileType = sourcecode.c.objc; lineEnding = 0; path = OBASearchResultsListViewController.m; sourceTree = "<group>"; xcLanguageSpecificationIdentifier = xcode.lang.objc; };
		932BE4F41AB66E990011F2FB /* OBASearchResultsMapViewController.h */ = {isa = PBXFileReference; fileEncoding = 4; lastKnownFileType = sourcecode.c.h; path = OBASearchResultsMapViewController.h; sourceTree = "<group>"; };
		932BE4F51AB66E990011F2FB /* OBASearchResultsMapViewController.m */ = {isa = PBXFileReference; fileEncoding = 4; lastKnownFileType = sourcecode.c.objc; lineEnding = 0; path = OBASearchResultsMapViewController.m; sourceTree = "<group>"; xcLanguageSpecificationIdentifier = xcode.lang.objc; };
		932BE4F91AB66EDD0011F2FB /* OBAVehicleDetailsController.h */ = {isa = PBXFileReference; fileEncoding = 4; lastKnownFileType = sourcecode.c.h; path = OBAVehicleDetailsController.h; sourceTree = "<group>"; };
		932BE4FA1AB66EDD0011F2FB /* OBAVehicleDetailsController.m */ = {isa = PBXFileReference; fileEncoding = 4; lastKnownFileType = sourcecode.c.objc; path = OBAVehicleDetailsController.m; sourceTree = "<group>"; };
		932BE4FD1AB66EF20011F2FB /* OBARecentStopsViewController.h */ = {isa = PBXFileReference; fileEncoding = 4; lastKnownFileType = sourcecode.c.h; path = OBARecentStopsViewController.h; sourceTree = "<group>"; };
		932BE4FE1AB66EF20011F2FB /* OBARecentStopsViewController.m */ = {isa = PBXFileReference; fileEncoding = 4; lastKnownFileType = sourcecode.c.objc; path = OBARecentStopsViewController.m; sourceTree = "<group>"; };
		932BE5001AB66F990011F2FB /* OBAArrivalEntryTableViewCell.xib */ = {isa = PBXFileReference; fileEncoding = 4; lastKnownFileType = file.xib; path = OBAArrivalEntryTableViewCell.xib; sourceTree = "<group>"; };
		932BE5021AB66FCB0011F2FB /* OBACreditsViewController.xib */ = {isa = PBXFileReference; fileEncoding = 4; lastKnownFileType = file.xib; path = OBACreditsViewController.xib; sourceTree = "<group>"; };
		932BE5041AB6705F0011F2FB /* OBADiversionViewController.xib */ = {isa = PBXFileReference; fileEncoding = 4; lastKnownFileType = file.xib; path = OBADiversionViewController.xib; sourceTree = "<group>"; };
		932BE5061AB671000011F2FB /* OBALabelAndSwitchTableViewCell.xib */ = {isa = PBXFileReference; fileEncoding = 4; lastKnownFileType = file.xib; path = OBALabelAndSwitchTableViewCell.xib; sourceTree = "<group>"; };
		932BE5081AB671400011F2FB /* OBAGenericStopViewController.xib */ = {isa = PBXFileReference; fileEncoding = 4; lastKnownFileType = file.xib; path = OBAGenericStopViewController.xib; sourceTree = "<group>"; };
		932BE50A1AB6719D0011F2FB /* OBATripScheduleMapViewController.xib */ = {isa = PBXFileReference; fileEncoding = 4; lastKnownFileType = file.xib; path = OBATripScheduleMapViewController.xib; sourceTree = "<group>"; };
		932BE50C1AB671BD0011F2FB /* OBALabelAndTextFieldTableViewCell.xib */ = {isa = PBXFileReference; fileEncoding = 4; lastKnownFileType = file.xib; path = OBALabelAndTextFieldTableViewCell.xib; sourceTree = "<group>"; };
		932BE50E1AB671EB0011F2FB /* OBAProgressIndicatorView.xib */ = {isa = PBXFileReference; fileEncoding = 4; lastKnownFileType = file.xib; path = OBAProgressIndicatorView.xib; sourceTree = "<group>"; };
		932BE5101AB672170011F2FB /* OBATextEditViewController.xib */ = {isa = PBXFileReference; fileEncoding = 4; lastKnownFileType = file.xib; path = OBATextEditViewController.xib; sourceTree = "<group>"; };
		932BE5121AB672730011F2FB /* OBAWebViewController.xib */ = {isa = PBXFileReference; fileEncoding = 4; lastKnownFileType = file.xib; path = OBAWebViewController.xib; sourceTree = "<group>"; };
		932BE5141AB672940011F2FB /* OBATextFieldTableViewCell.xib */ = {isa = PBXFileReference; fileEncoding = 4; lastKnownFileType = file.xib; path = OBATextFieldTableViewCell.xib; sourceTree = "<group>"; };
		932BE5161AB672B50011F2FB /* OBASearchResultsMapViewController.xib */ = {isa = PBXFileReference; fileEncoding = 4; lastKnownFileType = file.xib; path = OBASearchResultsMapViewController.xib; sourceTree = "<group>"; };
		9330DEE916050CA600E14AF4 /* credits.html */ = {isa = PBXFileReference; fileEncoding = 4; lastKnownFileType = text.html; path = credits.html; sourceTree = "<group>"; };
		9330DF261606405100E14AF4 /* OBAScopeView.h */ = {isa = PBXFileReference; fileEncoding = 4; lastKnownFileType = sourcecode.c.h; path = OBAScopeView.h; sourceTree = "<group>"; };
		9330DF271606405100E14AF4 /* OBAScopeView.m */ = {isa = PBXFileReference; fileEncoding = 4; lastKnownFileType = sourcecode.c.objc; path = OBAScopeView.m; sourceTree = "<group>"; };
		934445F81AB105FB005B3333 /* capitolhill.gpx */ = {isa = PBXFileReference; fileEncoding = 4; lastKnownFileType = text.xml; path = capitolhill.gpx; sourceTree = "<group>"; };
		934446B31AB10E67005B3333 /* UINavigationController+oba_Additions.h */ = {isa = PBXFileReference; fileEncoding = 4; lastKnownFileType = sourcecode.c.h; path = "UINavigationController+oba_Additions.h"; sourceTree = "<group>"; };
		934446B41AB10E67005B3333 /* UINavigationController+oba_Additions.m */ = {isa = PBXFileReference; fileEncoding = 4; lastKnownFileType = sourcecode.c.objc; path = "UINavigationController+oba_Additions.m"; sourceTree = "<group>"; };
		934446B61AB10ECA005B3333 /* UITableViewCell+oba_Additions.h */ = {isa = PBXFileReference; fileEncoding = 4; lastKnownFileType = sourcecode.c.h; path = "UITableViewCell+oba_Additions.h"; sourceTree = "<group>"; };
		934446B71AB10ECA005B3333 /* UITableViewCell+oba_Additions.m */ = {isa = PBXFileReference; fileEncoding = 4; lastKnownFileType = sourcecode.c.objc; path = "UITableViewCell+oba_Additions.m"; sourceTree = "<group>"; };
		934446B91AB11033005B3333 /* OBALabelAndSwitchTableViewCell.h */ = {isa = PBXFileReference; fileEncoding = 4; lastKnownFileType = sourcecode.c.h; path = OBALabelAndSwitchTableViewCell.h; sourceTree = "<group>"; };
		934446BA1AB11033005B3333 /* OBALabelAndSwitchTableViewCell.m */ = {isa = PBXFileReference; fileEncoding = 4; lastKnownFileType = sourcecode.c.objc; path = OBALabelAndSwitchTableViewCell.m; sourceTree = "<group>"; };
		934446BB1AB11033005B3333 /* OBATextFieldTableViewCell.h */ = {isa = PBXFileReference; fileEncoding = 4; lastKnownFileType = sourcecode.c.h; path = OBATextFieldTableViewCell.h; sourceTree = "<group>"; };
		934446BC1AB11033005B3333 /* OBATextFieldTableViewCell.m */ = {isa = PBXFileReference; fileEncoding = 4; lastKnownFileType = sourcecode.c.objc; path = OBATextFieldTableViewCell.m; sourceTree = "<group>"; };
		934446C91AB12B29005B3333 /* OBARequestDrivenTableViewController.h */ = {isa = PBXFileReference; fileEncoding = 4; lastKnownFileType = sourcecode.c.h; path = OBARequestDrivenTableViewController.h; sourceTree = "<group>"; };
		934446CA1AB12B29005B3333 /* OBARequestDrivenTableViewController.m */ = {isa = PBXFileReference; fileEncoding = 4; lastKnownFileType = sourcecode.c.objc; path = OBARequestDrivenTableViewController.m; sourceTree = "<group>"; };
		934446CB1AB12B29005B3333 /* OBATextEditViewController.h */ = {isa = PBXFileReference; fileEncoding = 4; lastKnownFileType = sourcecode.c.h; path = OBATextEditViewController.h; sourceTree = "<group>"; };
		934446CC1AB12B29005B3333 /* OBATextEditViewController.m */ = {isa = PBXFileReference; fileEncoding = 4; lastKnownFileType = sourcecode.c.objc; path = OBATextEditViewController.m; sourceTree = "<group>"; };
		934446CD1AB12B29005B3333 /* OBAWebViewController.h */ = {isa = PBXFileReference; fileEncoding = 4; lastKnownFileType = sourcecode.c.h; path = OBAWebViewController.h; sourceTree = "<group>"; };
		934446CE1AB12B29005B3333 /* OBAWebViewController.m */ = {isa = PBXFileReference; fileEncoding = 4; lastKnownFileType = sourcecode.c.objc; path = OBAWebViewController.m; sourceTree = "<group>"; };
		934446D21AB12C0C005B3333 /* OBAListSelectionViewController.h */ = {isa = PBXFileReference; fileEncoding = 4; lastKnownFileType = sourcecode.c.h; path = OBAListSelectionViewController.h; sourceTree = "<group>"; };
		934446D31AB12C0C005B3333 /* OBAListSelectionViewController.m */ = {isa = PBXFileReference; fileEncoding = 4; lastKnownFileType = sourcecode.c.objc; path = OBAListSelectionViewController.m; sourceTree = "<group>"; };
		934446D51AB12C5D005B3333 /* OBAModalActivityIndicator.h */ = {isa = PBXFileReference; fileEncoding = 4; lastKnownFileType = sourcecode.c.h; path = OBAModalActivityIndicator.h; sourceTree = "<group>"; };
		934446D61AB12C5D005B3333 /* OBAModalActivityIndicator.m */ = {isa = PBXFileReference; fileEncoding = 4; lastKnownFileType = sourcecode.c.objc; path = OBAModalActivityIndicator.m; sourceTree = "<group>"; };
		934446D71AB12C5D005B3333 /* OBAProgressIndicatorView.h */ = {isa = PBXFileReference; fileEncoding = 4; lastKnownFileType = sourcecode.c.h; path = OBAProgressIndicatorView.h; sourceTree = "<group>"; };
		934446D81AB12C5D005B3333 /* OBAProgressIndicatorView.m */ = {isa = PBXFileReference; fileEncoding = 4; lastKnownFileType = sourcecode.c.objc; path = OBAProgressIndicatorView.m; sourceTree = "<group>"; };
		93631E4A1604F96800CB7209 /* OBAApplicationDelegate.h */ = {isa = PBXFileReference; fileEncoding = 4; lastKnownFileType = sourcecode.c.h; path = OBAApplicationDelegate.h; sourceTree = "<group>"; };
		93631E4B1604F96800CB7209 /* OBAApplicationDelegate.m */ = {isa = PBXFileReference; fileEncoding = 4; lastKnownFileType = sourcecode.c.objc; lineEnding = 0; path = OBAApplicationDelegate.m; sourceTree = "<group>"; xcLanguageSpecificationIdentifier = xcode.lang.objc; };
		93631E7B1604F9A200CB7209 /* OBANetworkErrorAlertViewDelegate.h */ = {isa = PBXFileReference; fileEncoding = 4; lastKnownFileType = sourcecode.c.h; path = OBANetworkErrorAlertViewDelegate.h; sourceTree = "<group>"; };
		93631E7C1604F9A200CB7209 /* OBANetworkErrorAlertViewDelegate.m */ = {isa = PBXFileReference; fileEncoding = 4; lastKnownFileType = sourcecode.c.objc; path = OBANetworkErrorAlertViewDelegate.m; sourceTree = "<group>"; };
		93631E7E1604F9A200CB7209 /* OBASearchResultsMapFilterToolbar.h */ = {isa = PBXFileReference; fileEncoding = 4; lastKnownFileType = sourcecode.c.h; path = OBASearchResultsMapFilterToolbar.h; sourceTree = "<group>"; };
		93631E7F1604F9A200CB7209 /* OBASearchResultsMapFilterToolbar.m */ = {isa = PBXFileReference; fileEncoding = 4; lastKnownFileType = sourcecode.c.objc; lineEnding = 0; path = OBASearchResultsMapFilterToolbar.m; sourceTree = "<group>"; xcLanguageSpecificationIdentifier = xcode.lang.objc; };
		9388E9DC1A9BCC8900C9F6CE /* feedback_message_body.html */ = {isa = PBXFileReference; fileEncoding = 4; lastKnownFileType = text.html; name = feedback_message_body.html; path = Resources/feedback_message_body.html; sourceTree = "<group>"; };
		93AD36391603FE7E00BDF03F /* OBAArrivalEntryTableViewCell.h */ = {isa = PBXFileReference; fileEncoding = 4; lastKnownFileType = sourcecode.c.h; path = OBAArrivalEntryTableViewCell.h; sourceTree = "<group>"; };
		93AD363A1603FE7E00BDF03F /* OBAArrivalEntryTableViewCell.m */ = {isa = PBXFileReference; fileEncoding = 4; lastKnownFileType = sourcecode.c.objc; path = OBAArrivalEntryTableViewCell.m; sourceTree = "<group>"; };
		93AD363B1603FE7E00BDF03F /* OBAArrivalEntryTableViewCellFactory.h */ = {isa = PBXFileReference; fileEncoding = 4; lastKnownFileType = sourcecode.c.h; path = OBAArrivalEntryTableViewCellFactory.h; sourceTree = "<group>"; };
		93AD363C1603FE7E00BDF03F /* OBAArrivalEntryTableViewCellFactory.m */ = {isa = PBXFileReference; fileEncoding = 4; lastKnownFileType = sourcecode.c.objc; path = OBAArrivalEntryTableViewCellFactory.m; sourceTree = "<group>"; };
		93AD363D1603FE7E00BDF03F /* OBALabelAndTextFieldTableViewCell.h */ = {isa = PBXFileReference; fileEncoding = 4; lastKnownFileType = sourcecode.c.h; path = OBALabelAndTextFieldTableViewCell.h; sourceTree = "<group>"; };
		93AD363E1603FE7E00BDF03F /* OBALabelAndTextFieldTableViewCell.m */ = {isa = PBXFileReference; fileEncoding = 4; lastKnownFileType = sourcecode.c.objc; path = OBALabelAndTextFieldTableViewCell.m; sourceTree = "<group>"; };
		93AD369A1604027E00BDF03F /* OBAProgressIndicatorImpl.h */ = {isa = PBXFileReference; fileEncoding = 4; lastKnownFileType = sourcecode.c.h; path = OBAProgressIndicatorImpl.h; sourceTree = "<group>"; };
		93AD369B1604027E00BDF03F /* OBAProgressIndicatorImpl.m */ = {isa = PBXFileReference; fileEncoding = 4; lastKnownFileType = sourcecode.c.objc; path = OBAProgressIndicatorImpl.m; sourceTree = "<group>"; };
		93AD36A8160402FD00BDF03F /* OBANavigationTargetAware.h */ = {isa = PBXFileReference; fileEncoding = 4; lastKnownFileType = sourcecode.c.h; path = OBANavigationTargetAware.h; sourceTree = "<group>"; };
		93B32FF11AC4912F001DC177 /* UIViewController+OBAAnalytics.h */ = {isa = PBXFileReference; fileEncoding = 4; lastKnownFileType = sourcecode.c.h; path = "UIViewController+OBAAnalytics.h"; sourceTree = "<group>"; };
		93B32FF21AC4912F001DC177 /* UIViewController+OBAAnalytics.m */ = {isa = PBXFileReference; fileEncoding = 4; lastKnownFileType = sourcecode.c.objc; path = "UIViewController+OBAAnalytics.m"; sourceTree = "<group>"; };
		93E0954619CE051700A31BA6 /* OBALaunchScreen.xib */ = {isa = PBXFileReference; fileEncoding = 4; lastKnownFileType = file.xib; name = OBALaunchScreen.xib; path = Resources/OBALaunchScreen.xib; sourceTree = "<group>"; };
		93F152F11A9AE91A0015C141 /* OneBusAway Tests.xctest */ = {isa = PBXFileReference; explicitFileType = wrapper.cfbundle; includeInIndex = 0; path = "OneBusAway Tests.xctest"; sourceTree = BUILT_PRODUCTS_DIR; };
		93F152F41A9AE91A0015C141 /* Info.plist */ = {isa = PBXFileReference; lastKnownFileType = text.plist.xml; path = Info.plist; sourceTree = "<group>"; };
		93F152F51A9AE91A0015C141 /* OneBusAway_Tests.m */ = {isa = PBXFileReference; lastKnownFileType = sourcecode.c.objc; path = OneBusAway_Tests.m; sourceTree = "<group>"; };
		93F153011A9AEA500015C141 /* OBAURLHelpers_Tests.m */ = {isa = PBXFileReference; fileEncoding = 4; lastKnownFileType = sourcecode.c.objc; path = OBAURLHelpers_Tests.m; sourceTree = "<group>"; };
		93F64E951BE5ACC300323527 /* OBAAlerts.h */ = {isa = PBXFileReference; fileEncoding = 4; lastKnownFileType = sourcecode.c.h; path = OBAAlerts.h; sourceTree = "<group>"; };
		93F64E961BE5ACC300323527 /* OBAAlerts.m */ = {isa = PBXFileReference; fileEncoding = 4; lastKnownFileType = sourcecode.c.objc; path = OBAAlerts.m; sourceTree = "<group>"; };
		9896748DE4027B647D4D41F0 /* Pods.release.xcconfig */ = {isa = PBXFileReference; includeInIndex = 1; lastKnownFileType = text.xcconfig; name = Pods.release.xcconfig; path = "Pods/Target Support Files/Pods/Pods.release.xcconfig"; sourceTree = "<group>"; };
		A2B89E834A0C9E7F5B8FE39B /* libPods.a */ = {isa = PBXFileReference; explicitFileType = archive.ar; includeInIndex = 0; path = libPods.a; sourceTree = BUILT_PRODUCTS_DIR; };
		AF4665CA06626C1076EEEE33 /* Pods.appstoredistribution.xcconfig */ = {isa = PBXFileReference; includeInIndex = 1; lastKnownFileType = text.xcconfig; name = Pods.appstoredistribution.xcconfig; path = "Pods/Target Support Files/Pods/Pods.appstoredistribution.xcconfig"; sourceTree = "<group>"; };
		B565A40323F4842FC230AA07 /* Pods-OneBusAway.appstoredistribution.xcconfig */ = {isa = PBXFileReference; includeInIndex = 1; lastKnownFileType = text.xcconfig; name = "Pods-OneBusAway.appstoredistribution.xcconfig"; path = "Pods/Target Support Files/Pods-OneBusAway/Pods-OneBusAway.appstoredistribution.xcconfig"; sourceTree = "<group>"; };
		D651BB2711C9D5DE001BE733 /* iTunesArtwork */ = {isa = PBXFileReference; lastKnownFileType = file; name = iTunesArtwork; path = Resources/iTunesArtwork; sourceTree = "<group>"; };
		D6575AEB0FEE13CF00D6D987 /* Entitlements.plist */ = {isa = PBXFileReference; fileEncoding = 4; lastKnownFileType = text.plist.xml; path = Entitlements.plist; sourceTree = "<group>"; };
		DEDC11A41EBF4F89626093D8 /* Pods.debug.xcconfig */ = {isa = PBXFileReference; includeInIndex = 1; lastKnownFileType = text.xcconfig; name = Pods.debug.xcconfig; path = "Pods/Target Support Files/Pods/Pods.debug.xcconfig"; sourceTree = "<group>"; };
		E81C7B001825DEBF0047C68C /* setBuildVersion.sh */ = {isa = PBXFileReference; fileEncoding = 4; lastKnownFileType = text.script.sh; path = setBuildVersion.sh; sourceTree = "<group>"; };
		E81C7B011825DEBF0047C68C /* setBundleIdentifierForAppStore.sh */ = {isa = PBXFileReference; fileEncoding = 4; lastKnownFileType = text.script.sh; path = setBundleIdentifierForAppStore.sh; sourceTree = "<group>"; };
		E81C7B031825DEBF0047C68C /* accept_license.sh */ = {isa = PBXFileReference; fileEncoding = 4; lastKnownFileType = text.script.sh; path = accept_license.sh; sourceTree = "<group>"; };
		E81C7B041825DEBF0047C68C /* upload.sh */ = {isa = PBXFileReference; fileEncoding = 4; lastKnownFileType = text.script.sh; path = upload.sh; sourceTree = "<group>"; };
		E81C7B051825DEBF0047C68C /* xcode5.sh */ = {isa = PBXFileReference; fileEncoding = 4; lastKnownFileType = text.script.sh; path = xcode5.sh; sourceTree = "<group>"; };
		F9474B9020835B3BBE8BB77C /* Pods-OneBusAway.debug.xcconfig */ = {isa = PBXFileReference; includeInIndex = 1; lastKnownFileType = text.xcconfig; name = "Pods-OneBusAway.debug.xcconfig"; path = "Pods/Target Support Files/Pods-OneBusAway/Pods-OneBusAway.debug.xcconfig"; sourceTree = "<group>"; };
/* End PBXFileReference section */

/* Begin PBXFrameworksBuildPhase section */
		1D60588F0D05DD3D006BFB54 /* Frameworks */ = {
			isa = PBXFrameworksBuildPhase;
			buildActionMask = 2147483647;
			files = (
				669B2F8C1AEC049D00CF2367 /* libOneBusAwaySDK.a in Frameworks */,
				77F1DF137D15E0B33B6AC7F6 /* libPods.a in Frameworks */,
			);
			runOnlyForDeploymentPostprocessing = 0;
		};
		93F152EE1A9AE91A0015C141 /* Frameworks */ = {
			isa = PBXFrameworksBuildPhase;
			buildActionMask = 2147483647;
			files = (
				669B2F8D1AEC04A100CF2367 /* libOneBusAwaySDK.a in Frameworks */,
				60E26094D209E76D5D037634 /* libPods.a in Frameworks */,
			);
			runOnlyForDeploymentPostprocessing = 0;
		};
/* End PBXFrameworksBuildPhase section */

/* Begin PBXGroup section */
		0084CA56FF32BA45A8E8327E /* Pods */ = {
			isa = PBXGroup;
			children = (
				F9474B9020835B3BBE8BB77C /* Pods-OneBusAway.debug.xcconfig */,
				54CB67407CF2B898E5D99654 /* Pods-OneBusAway.release.xcconfig */,
				B565A40323F4842FC230AA07 /* Pods-OneBusAway.appstoredistribution.xcconfig */,
				26DE16A6837EFF5DCD23D805 /* Pods-OneBusAway.adhocdistribution.xcconfig */,
				DEDC11A41EBF4F89626093D8 /* Pods.debug.xcconfig */,
				9896748DE4027B647D4D41F0 /* Pods.release.xcconfig */,
				AF4665CA06626C1076EEEE33 /* Pods.appstoredistribution.xcconfig */,
				13105E482CCDE283CE77C92E /* Pods.adhocdistribution.xcconfig */,
			);
			name = Pods;
			sourceTree = "<group>";
		};
		19C28FACFE9D520D11CA2CBB /* Products */ = {
			isa = PBXGroup;
			children = (
				1D6058910D05DD3D006BFB54 /* OneBusAway.app */,
				93F152F11A9AE91A0015C141 /* OneBusAway Tests.xctest */,
			);
			name = Products;
			sourceTree = "<group>";
		};
		29B97314FDCFA39411CA2CEA /* org.onebusaway.iphone */ = {
			isa = PBXGroup;
			children = (
				669B2D5A1AEBE63800CF2367 /* OneBusAwaySDK.xcodeproj */,
				932BE4901AB66D320011F2FB /* ui */,
				934446791AB10B1D005B3333 /* location */,
				934445F71AB105FB005B3333 /* gpx_files */,
				931C42BF160E4AE000435CD3 /* categories */,
				93631E4A1604F96800CB7209 /* OBAApplicationDelegate.h */,
				93631E4B1604F96800CB7209 /* OBAApplicationDelegate.m */,
				93AD36A7160402FA00BDF03F /* protocols */,
				93AD36371603FE4600BDF03F /* controls */,
				669B2F711AEBF92E00CF2367 /* utilities */,
				29B97315FDCFA39411CA2CEA /* Other Sources */,
				29B97317FDCFA39411CA2CEA /* Resources */,
				93F152F21A9AE91A0015C141 /* OneBusAway Tests */,
				29B97323FDCFA39411CA2CEA /* Frameworks */,
				19C28FACFE9D520D11CA2CBB /* Products */,
				D6575AEB0FEE13CF00D6D987 /* Entitlements.plist */,
				0084CA56FF32BA45A8E8327E /* Pods */,
			);
			name = org.onebusaway.iphone;
			sourceTree = "<group>";
		};
		29B97315FDCFA39411CA2CEA /* Other Sources */ = {
			isa = PBXGroup;
			children = (
				28A0AB4B0D9B1048005BE974 /* org_onebusaway_iphone_Prefix.pch */,
				29B97316FDCFA39411CA2CEA /* main.m */,
			);
			name = "Other Sources";
			sourceTree = "<group>";
		};
		29B97317FDCFA39411CA2CEA /* Resources */ = {
			isa = PBXGroup;
			children = (
				93E0954619CE051700A31BA6 /* OBALaunchScreen.xib */,
				928E12B117D7863400FD855E /* Images.xcassets */,
				E81C7AFF1825DEBF0047C68C /* scripts */,
				D651BB2711C9D5DE001BE733 /* iTunesArtwork */,
				8D1107310486CEB800E47090 /* Info.plist */,
				9330DEE916050CA600E14AF4 /* credits.html */,
				9388E9DC1A9BCC8900C9F6CE /* feedback_message_body.html */,
			);
			name = Resources;
			sourceTree = "<group>";
		};
		29B97323FDCFA39411CA2CEA /* Frameworks */ = {
			isa = PBXGroup;
			children = (
				669B2F8B1AEC049D00CF2367 /* libOneBusAwaySDK.a */,
				A2B89E834A0C9E7F5B8FE39B /* libPods.a */,
			);
			name = Frameworks;
			sourceTree = "<group>";
		};
		669B2F711AEBF92E00CF2367 /* utilities */ = {
			isa = PBXGroup;
			children = (
				669B2F761AEBFCB300CF2367 /* OBAAnalytics.h */,
				669B2F771AEBFCB300CF2367 /* OBAAnalytics.m */,
				669B2F721AEBF92E00CF2367 /* OBAReleaseNotesManager.h */,
				669B2F731AEBF92E00CF2367 /* OBAReleaseNotesManager.m */,
			);
			path = utilities;
			sourceTree = "<group>";
		};
		931C42BF160E4AE000435CD3 /* categories */ = {
			isa = PBXGroup;
			children = (
				931C42C0160E4B2A00435CD3 /* MKMapView+oba_Additions.h */,
				931C42C1160E4B2A00435CD3 /* MKMapView+oba_Additions.m */,
				923FE67E176082A7009AFDE8 /* UITableViewController+oba_Additions.h */,
				923FE67F176082A7009AFDE8 /* UITableViewController+oba_Additions.m */,
				934446B31AB10E67005B3333 /* UINavigationController+oba_Additions.h */,
				934446B41AB10E67005B3333 /* UINavigationController+oba_Additions.m */,
				934446B61AB10ECA005B3333 /* UITableViewCell+oba_Additions.h */,
				934446B71AB10ECA005B3333 /* UITableViewCell+oba_Additions.m */,
				93B32FF11AC4912F001DC177 /* UIViewController+OBAAnalytics.h */,
				93B32FF21AC4912F001DC177 /* UIViewController+OBAAnalytics.m */,
			);
			path = categories;
			sourceTree = "<group>";
		};
		931C42CA160F983300435CD3 /* labels */ = {
			isa = PBXGroup;
			children = (
				931C42CB160F984000435CD3 /* OBAShadowLabel.h */,
				931C42CC160F984000435CD3 /* OBAShadowLabel.m */,
			);
			path = labels;
			sourceTree = "<group>";
		};
		932BE4901AB66D320011F2FB /* ui */ = {
			isa = PBXGroup;
			children = (
				93F64E921BE5ACB900323527 /* alerts */,
				932BE4FC1AB66EF20011F2FB /* recent_stops */,
				932BE4EF1AB66E990011F2FB /* search */,
				932BE4E21AB66E3C0011F2FB /* bookmarks */,
				932BE4D21AB66D890011F2FB /* situations */,
				932BE4C21AB66D710011F2FB /* trip_details */,
				932BE4A31AB66D5C0011F2FB /* stop_details */,
				932BE4911AB66D320011F2FB /* info */,
			);
			path = ui;
			sourceTree = "<group>";
		};
		932BE4911AB66D320011F2FB /* info */ = {
			isa = PBXGroup;
			children = (
				932BE4DF1AB66DBD0011F2FB /* OBACreditsViewController.h */,
				932BE4E01AB66DBD0011F2FB /* OBACreditsViewController.m */,
				932BE5021AB66FCB0011F2FB /* OBACreditsViewController.xib */,
				932BE4DC1AB66DA90011F2FB /* OBACustomApiViewController.h */,
				932BE4DD1AB66DA90011F2FB /* OBACustomApiViewController.m */,
				932BE4921AB66D320011F2FB /* OBAAgenciesListViewController.h */,
				932BE4931AB66D320011F2FB /* OBAAgenciesListViewController.m */,
				932BE4941AB66D320011F2FB /* OBAContactUsViewController.h */,
				932BE4951AB66D320011F2FB /* OBAContactUsViewController.m */,
				932BE4961AB66D320011F2FB /* OBAInfoViewController.h */,
				932BE4971AB66D320011F2FB /* OBAInfoViewController.m */,
				932BE4981AB66D320011F2FB /* OBAInfoViewController.xib */,
				932BE4991AB66D320011F2FB /* OBARegionListViewController.h */,
				932BE49A1AB66D320011F2FB /* OBARegionListViewController.m */,
				932BE49B1AB66D320011F2FB /* OBASettingsViewController.h */,
				932BE49C1AB66D320011F2FB /* OBASettingsViewController.m */,
			);
			path = info;
			sourceTree = "<group>";
		};
		932BE4A31AB66D5C0011F2FB /* stop_details */ = {
			isa = PBXGroup;
			children = (
				932BE4AA1AB66D5C0011F2FB /* OBAEditStopPreferencesViewController.h */,
				932BE4AB1AB66D5C0011F2FB /* OBAEditStopPreferencesViewController.m */,
				932BE4AC1AB66D5C0011F2FB /* OBAGenericStopViewController.h */,
				932BE4AD1AB66D5C0011F2FB /* OBAGenericStopViewController.m */,
				932BE5081AB671400011F2FB /* OBAGenericStopViewController.xib */,
				932BE4AE1AB66D5C0011F2FB /* OBAReportProblemViewController.h */,
				932BE4AF1AB66D5C0011F2FB /* OBAReportProblemViewController.m */,
				932BE4B01AB66D5C0011F2FB /* OBAReportProblemWithRecentTripsViewController.h */,
				932BE4B11AB66D5C0011F2FB /* OBAReportProblemWithRecentTripsViewController.m */,
				932BE4B21AB66D5C0011F2FB /* OBAReportProblemWithStopViewController.h */,
				932BE4B31AB66D5C0011F2FB /* OBAReportProblemWithStopViewController.m */,
				932BE4B41AB66D5C0011F2FB /* OBAStopViewController.h */,
				932BE4B51AB66D5C0011F2FB /* OBAStopViewController.m */,
				932BE4B61AB66D5C0011F2FB /* OBAStopWebViewController.h */,
				932BE4B71AB66D5C0011F2FB /* OBAStopWebViewController.m */,
			);
			path = stop_details;
			sourceTree = "<group>";
		};
		932BE4C21AB66D710011F2FB /* trip_details */ = {
			isa = PBXGroup;
			children = (
				932BE4F91AB66EDD0011F2FB /* OBAVehicleDetailsController.h */,
				932BE4FA1AB66EDD0011F2FB /* OBAVehicleDetailsController.m */,
				932BE4C31AB66D710011F2FB /* OBAArrivalAndDepartureViewController.h */,
				932BE4C41AB66D710011F2FB /* OBAArrivalAndDepartureViewController.m */,
				932BE4C51AB66D710011F2FB /* OBAReportProblemWithTripViewController.h */,
				932BE4C61AB66D710011F2FB /* OBAReportProblemWithTripViewController.m */,
				932BE4C71AB66D710011F2FB /* OBATripDetailsViewController.h */,
				932BE4C81AB66D710011F2FB /* OBATripDetailsViewController.m */,
				932BE4C91AB66D710011F2FB /* OBATripScheduleListViewController.h */,
				932BE4CA1AB66D710011F2FB /* OBATripScheduleListViewController.m */,
				932BE4CB1AB66D710011F2FB /* OBATripScheduleMapViewController.h */,
				932BE4CC1AB66D710011F2FB /* OBATripScheduleMapViewController.m */,
				932BE50A1AB6719D0011F2FB /* OBATripScheduleMapViewController.xib */,
			);
			path = trip_details;
			sourceTree = "<group>";
		};
		932BE4D21AB66D890011F2FB /* situations */ = {
			isa = PBXGroup;
			children = (
				932BE5041AB6705F0011F2FB /* OBADiversionViewController.xib */,
				932BE4D31AB66D890011F2FB /* OBADiversionViewController.h */,
				932BE4D41AB66D890011F2FB /* OBADiversionViewController.m */,
				932BE4D51AB66D890011F2FB /* OBASituationsViewController.h */,
				932BE4D61AB66D890011F2FB /* OBASituationsViewController.m */,
				932BE4D71AB66D890011F2FB /* OBASituationViewController.h */,
				932BE4D81AB66D890011F2FB /* OBASituationViewController.m */,
			);
			path = situations;
			sourceTree = "<group>";
		};
		932BE4E21AB66E3C0011F2FB /* bookmarks */ = {
			isa = PBXGroup;
			children = (
				932BE4EC1AB66E640011F2FB /* OBABookmarksViewController.h */,
				932BE4ED1AB66E640011F2FB /* OBABookmarksViewController.m */,
				932BE4E31AB66E3C0011F2FB /* OBAEditBookmarkGroupViewController.h */,
				932BE4E41AB66E3C0011F2FB /* OBAEditBookmarkGroupViewController.m */,
				932BE4E51AB66E3C0011F2FB /* OBAEditStopBookmarkGroupViewController.h */,
				932BE4E61AB66E3C0011F2FB /* OBAEditStopBookmarkGroupViewController.m */,
				932BE4E71AB66E3C0011F2FB /* OBAEditStopBookmarkViewController.h */,
				932BE4E81AB66E3C0011F2FB /* OBAEditStopBookmarkViewController.m */,
			);
			path = bookmarks;
			sourceTree = "<group>";
		};
		932BE4EF1AB66E990011F2FB /* search */ = {
			isa = PBXGroup;
			children = (
				932BE4F01AB66E990011F2FB /* OBASearchController.h */,
				932BE4F11AB66E990011F2FB /* OBASearchController.m */,
				932BE4F21AB66E990011F2FB /* OBASearchResultsListViewController.h */,
				932BE4F31AB66E990011F2FB /* OBASearchResultsListViewController.m */,
				932BE4F41AB66E990011F2FB /* OBASearchResultsMapViewController.h */,
				932BE4F51AB66E990011F2FB /* OBASearchResultsMapViewController.m */,
				932BE5161AB672B50011F2FB /* OBASearchResultsMapViewController.xib */,
			);
			path = search;
			sourceTree = "<group>";
		};
		932BE4FC1AB66EF20011F2FB /* recent_stops */ = {
			isa = PBXGroup;
			children = (
				932BE4FD1AB66EF20011F2FB /* OBARecentStopsViewController.h */,
				932BE4FE1AB66EF20011F2FB /* OBARecentStopsViewController.m */,
			);
			path = recent_stops;
			sourceTree = "<group>";
		};
		9330DF251606404100E14AF4 /* containers */ = {
			isa = PBXGroup;
			children = (
				9330DF261606405100E14AF4 /* OBAScopeView.h */,
				9330DF271606405100E14AF4 /* OBAScopeView.m */,
			);
			path = containers;
			sourceTree = "<group>";
		};
		934445F71AB105FB005B3333 /* gpx_files */ = {
			isa = PBXGroup;
			children = (
				934445F81AB105FB005B3333 /* capitolhill.gpx */,
			);
			path = gpx_files;
			sourceTree = "<group>";
		};
		934446791AB10B1D005B3333 /* location */ = {
			isa = PBXGroup;
			children = (
				669B2F7E1AEBFEBF00CF2367 /* OBARegionHelper.h */,
				669B2F7F1AEBFEBF00CF2367 /* OBARegionHelper.m */,
			);
			path = location;
			sourceTree = "<group>";
		};
		934446C81AB12B29005B3333 /* view_controllers */ = {
			isa = PBXGroup;
			children = (
				934446D21AB12C0C005B3333 /* OBAListSelectionViewController.h */,
				934446D31AB12C0C005B3333 /* OBAListSelectionViewController.m */,
				934446C91AB12B29005B3333 /* OBARequestDrivenTableViewController.h */,
				934446CA1AB12B29005B3333 /* OBARequestDrivenTableViewController.m */,
				934446CB1AB12B29005B3333 /* OBATextEditViewController.h */,
				934446CC1AB12B29005B3333 /* OBATextEditViewController.m */,
				932BE5101AB672170011F2FB /* OBATextEditViewController.xib */,
				934446CD1AB12B29005B3333 /* OBAWebViewController.h */,
				934446CE1AB12B29005B3333 /* OBAWebViewController.m */,
				932BE5121AB672730011F2FB /* OBAWebViewController.xib */,
			);
			path = view_controllers;
			sourceTree = "<group>";
		};
		93631E7A1604F9A200CB7209 /* alerts */ = {
			isa = PBXGroup;
			children = (
				93631E7B1604F9A200CB7209 /* OBANetworkErrorAlertViewDelegate.h */,
				93631E7C1604F9A200CB7209 /* OBANetworkErrorAlertViewDelegate.m */,
			);
			path = alerts;
			sourceTree = "<group>";
		};
		93631E7D1604F9A200CB7209 /* toolbars */ = {
			isa = PBXGroup;
			children = (
				93631E7E1604F9A200CB7209 /* OBASearchResultsMapFilterToolbar.h */,
				93631E7F1604F9A200CB7209 /* OBASearchResultsMapFilterToolbar.m */,
			);
			path = toolbars;
			sourceTree = "<group>";
		};
		93AD36371603FE4600BDF03F /* controls */ = {
			isa = PBXGroup;
			children = (
				934446C81AB12B29005B3333 /* view_controllers */,
				931C42CA160F983300435CD3 /* labels */,
				9330DF251606404100E14AF4 /* containers */,
				93631E7A1604F9A200CB7209 /* alerts */,
				93631E7D1604F9A200CB7209 /* toolbars */,
				93AD36991604027E00BDF03F /* progress */,
				93AD36381603FE7E00BDF03F /* table_cells */,
			);
			path = controls;
			sourceTree = "<group>";
		};
		93AD36381603FE7E00BDF03F /* table_cells */ = {
			isa = PBXGroup;
			children = (
				934446B91AB11033005B3333 /* OBALabelAndSwitchTableViewCell.h */,
				934446BA1AB11033005B3333 /* OBALabelAndSwitchTableViewCell.m */,
				932BE5061AB671000011F2FB /* OBALabelAndSwitchTableViewCell.xib */,
				934446BB1AB11033005B3333 /* OBATextFieldTableViewCell.h */,
				934446BC1AB11033005B3333 /* OBATextFieldTableViewCell.m */,
				932BE5141AB672940011F2FB /* OBATextFieldTableViewCell.xib */,
				93AD36391603FE7E00BDF03F /* OBAArrivalEntryTableViewCell.h */,
				93AD363A1603FE7E00BDF03F /* OBAArrivalEntryTableViewCell.m */,
				932BE5001AB66F990011F2FB /* OBAArrivalEntryTableViewCell.xib */,
				93AD363B1603FE7E00BDF03F /* OBAArrivalEntryTableViewCellFactory.h */,
				93AD363C1603FE7E00BDF03F /* OBAArrivalEntryTableViewCellFactory.m */,
				93AD363D1603FE7E00BDF03F /* OBALabelAndTextFieldTableViewCell.h */,
				93AD363E1603FE7E00BDF03F /* OBALabelAndTextFieldTableViewCell.m */,
				932BE50C1AB671BD0011F2FB /* OBALabelAndTextFieldTableViewCell.xib */,
			);
			path = table_cells;
			sourceTree = "<group>";
		};
		93AD36991604027E00BDF03F /* progress */ = {
			isa = PBXGroup;
			children = (
				934446D51AB12C5D005B3333 /* OBAModalActivityIndicator.h */,
				934446D61AB12C5D005B3333 /* OBAModalActivityIndicator.m */,
				934446D71AB12C5D005B3333 /* OBAProgressIndicatorView.h */,
				934446D81AB12C5D005B3333 /* OBAProgressIndicatorView.m */,
				932BE50E1AB671EB0011F2FB /* OBAProgressIndicatorView.xib */,
				93AD369A1604027E00BDF03F /* OBAProgressIndicatorImpl.h */,
				93AD369B1604027E00BDF03F /* OBAProgressIndicatorImpl.m */,
			);
			path = progress;
			sourceTree = "<group>";
		};
		93AD36A7160402FA00BDF03F /* protocols */ = {
			isa = PBXGroup;
			children = (
				93AD36A8160402FD00BDF03F /* OBANavigationTargetAware.h */,
			);
			path = protocols;
			sourceTree = "<group>";
		};
		93F152F21A9AE91A0015C141 /* OneBusAway Tests */ = {
			isa = PBXGroup;
			children = (
				93F152F51A9AE91A0015C141 /* OneBusAway_Tests.m */,
				93F152F31A9AE91A0015C141 /* Supporting Files */,
				93F153011A9AEA500015C141 /* OBAURLHelpers_Tests.m */,
			);
			path = "OneBusAway Tests";
			sourceTree = "<group>";
		};
		93F152F31A9AE91A0015C141 /* Supporting Files */ = {
			isa = PBXGroup;
			children = (
				93F152F41A9AE91A0015C141 /* Info.plist */,
			);
			name = "Supporting Files";
			sourceTree = "<group>";
		};
		93F64E921BE5ACB900323527 /* alerts */ = {
			isa = PBXGroup;
			children = (
				93F64E951BE5ACC300323527 /* OBAAlerts.h */,
				93F64E961BE5ACC300323527 /* OBAAlerts.m */,
			);
			path = alerts;
			sourceTree = "<group>";
		};
		B58A05701AFF5F6F007C9E4A /* Products */ = {
			isa = PBXGroup;
			children = (
				B58A05751AFF5F6F007C9E4A /* libOneBusAwaySDK.a */,
				B58A05771AFF5F6F007C9E4A /* OneBusAwaySDKTests.xctest */,
			);
			name = Products;
			sourceTree = "<group>";
		};
		E81C7AFF1825DEBF0047C68C /* scripts */ = {
			isa = PBXGroup;
			children = (
				E81C7B001825DEBF0047C68C /* setBuildVersion.sh */,
				E81C7B011825DEBF0047C68C /* setBundleIdentifierForAppStore.sh */,
				E81C7B021825DEBF0047C68C /* travis */,
			);
			path = scripts;
			sourceTree = "<group>";
		};
		E81C7B021825DEBF0047C68C /* travis */ = {
			isa = PBXGroup;
			children = (
				E81C7B031825DEBF0047C68C /* accept_license.sh */,
				E81C7B041825DEBF0047C68C /* upload.sh */,
				E81C7B051825DEBF0047C68C /* xcode5.sh */,
			);
			path = travis;
			sourceTree = "<group>";
		};
/* End PBXGroup section */

/* Begin PBXNativeTarget section */
		1D6058900D05DD3D006BFB54 /* OneBusAway */ = {
			isa = PBXNativeTarget;
			buildConfigurationList = 1D6058960D05DD3E006BFB54 /* Build configuration list for PBXNativeTarget "OneBusAway" */;
			buildPhases = (
				6B6B7A45241BAC04AEF592F6 /* Check Pods Manifest.lock */,
				1D60588D0D05DD3D006BFB54 /* Resources */,
				1D60588E0D05DD3D006BFB54 /* Sources */,
				1D60588F0D05DD3D006BFB54 /* Frameworks */,
				CCD9E7D7D1BC4AE93C05BC2C /* Copy Pods Resources */,
			);
			buildRules = (
			);
			dependencies = (
			);
			name = OneBusAway;
			productName = org.onebusaway.iphone;
			productReference = 1D6058910D05DD3D006BFB54 /* OneBusAway.app */;
			productType = "com.apple.product-type.application";
		};
		93F152F01A9AE91A0015C141 /* OneBusAway Tests */ = {
			isa = PBXNativeTarget;
			buildConfigurationList = 93F152FD1A9AE91A0015C141 /* Build configuration list for PBXNativeTarget "OneBusAway Tests" */;
			buildPhases = (
				758C05B1583086E664D325D8 /* Check Pods Manifest.lock */,
				93F152ED1A9AE91A0015C141 /* Sources */,
				93F152EE1A9AE91A0015C141 /* Frameworks */,
				93F152EF1A9AE91A0015C141 /* Resources */,
				4F9B42BD5870E34F57F116DF /* Copy Pods Resources */,
			);
			buildRules = (
			);
			dependencies = (
				93F152F81A9AE91A0015C141 /* PBXTargetDependency */,
			);
			name = "OneBusAway Tests";
			productName = "OneBusAway Tests";
			productReference = 93F152F11A9AE91A0015C141 /* OneBusAway Tests.xctest */;
			productType = "com.apple.product-type.bundle.unit-test";
		};
/* End PBXNativeTarget section */

/* Begin PBXProject section */
		29B97313FDCFA39411CA2CEA /* Project object */ = {
			isa = PBXProject;
			attributes = {
				CLASSPREFIX = OBA;
				LastUpgradeCheck = 0710;
				ORGANIZATIONNAME = OneBusAway;
				TargetAttributes = {
					1D6058900D05DD3D006BFB54 = {
						SystemCapabilities = {
							com.apple.Maps.iOS = {
								enabled = 0;
							};
						};
					};
					93F152F01A9AE91A0015C141 = {
						CreatedOnToolsVersion = 6.1.1;
						TestTargetID = 1D6058900D05DD3D006BFB54;
					};
				};
			};
			buildConfigurationList = C01FCF4E08A954540054247B /* Build configuration list for PBXProject "org.onebusaway.iphone" */;
			compatibilityVersion = "Xcode 3.2";
			developmentRegion = English;
			hasScannedForEncodings = 1;
			knownRegions = (
				en,
				fr,
				da,
				"es-ES",
				es,
				ja,
				"zh-Hans",
				"zh-Hant",
			);
			mainGroup = 29B97314FDCFA39411CA2CEA /* org.onebusaway.iphone */;
			projectDirPath = "";
			projectReferences = (
				{
					ProductGroup = B58A05701AFF5F6F007C9E4A /* Products */;
					ProjectRef = 669B2D5A1AEBE63800CF2367 /* OneBusAwaySDK.xcodeproj */;
				},
			);
			projectRoot = "";
			targets = (
				1D6058900D05DD3D006BFB54 /* OneBusAway */,
				93F152F01A9AE91A0015C141 /* OneBusAway Tests */,
			);
		};
/* End PBXProject section */

/* Begin PBXReferenceProxy section */
		B58A05751AFF5F6F007C9E4A /* libOneBusAwaySDK.a */ = {
			isa = PBXReferenceProxy;
			fileType = archive.ar;
			path = libOneBusAwaySDK.a;
			remoteRef = B58A05741AFF5F6F007C9E4A /* PBXContainerItemProxy */;
			sourceTree = BUILT_PRODUCTS_DIR;
		};
		B58A05771AFF5F6F007C9E4A /* OneBusAwaySDKTests.xctest */ = {
			isa = PBXReferenceProxy;
			fileType = wrapper.cfbundle;
			path = OneBusAwaySDKTests.xctest;
			remoteRef = B58A05761AFF5F6F007C9E4A /* PBXContainerItemProxy */;
			sourceTree = BUILT_PRODUCTS_DIR;
		};
/* End PBXReferenceProxy section */

/* Begin PBXResourcesBuildPhase section */
		1D60588D0D05DD3D006BFB54 /* Resources */ = {
			isa = PBXResourcesBuildPhase;
			buildActionMask = 2147483647;
			files = (
				D6575AEC0FEE13CF00D6D987 /* Entitlements.plist in Resources */,
				D651BB2811C9D5DE001BE733 /* iTunesArtwork in Resources */,
				932BE50F1AB671EB0011F2FB /* OBAProgressIndicatorView.xib in Resources */,
				932BE5111AB672170011F2FB /* OBATextEditViewController.xib in Resources */,
				932BE50B1AB6719D0011F2FB /* OBATripScheduleMapViewController.xib in Resources */,
				932BE5171AB672B50011F2FB /* OBASearchResultsMapViewController.xib in Resources */,
				932BE5011AB66F990011F2FB /* OBAArrivalEntryTableViewCell.xib in Resources */,
				932BE5091AB671400011F2FB /* OBAGenericStopViewController.xib in Resources */,
				932BE5151AB672940011F2FB /* OBATextFieldTableViewCell.xib in Resources */,
				932BE5031AB66FCB0011F2FB /* OBACreditsViewController.xib in Resources */,
				9330DEEA16050CA600E14AF4 /* credits.html in Resources */,
				932BE4A01AB66D320011F2FB /* OBAInfoViewController.xib in Resources */,
				9388E9DD1A9BCC8900C9F6CE /* feedback_message_body.html in Resources */,
				932BE5071AB671000011F2FB /* OBALabelAndSwitchTableViewCell.xib in Resources */,
				932BE5051AB6705F0011F2FB /* OBADiversionViewController.xib in Resources */,
				93E0954719CE051700A31BA6 /* OBALaunchScreen.xib in Resources */,
				932BE5131AB672730011F2FB /* OBAWebViewController.xib in Resources */,
				928E12B217D7863400FD855E /* Images.xcassets in Resources */,
				932BE50D1AB671BD0011F2FB /* OBALabelAndTextFieldTableViewCell.xib in Resources */,
				934445FA1AB105FB005B3333 /* capitolhill.gpx in Resources */,
			);
			runOnlyForDeploymentPostprocessing = 0;
		};
		93F152EF1A9AE91A0015C141 /* Resources */ = {
			isa = PBXResourcesBuildPhase;
			buildActionMask = 2147483647;
			files = (
			);
			runOnlyForDeploymentPostprocessing = 0;
		};
/* End PBXResourcesBuildPhase section */

/* Begin PBXShellScriptBuildPhase section */
		4F9B42BD5870E34F57F116DF /* Copy Pods Resources */ = {
			isa = PBXShellScriptBuildPhase;
			buildActionMask = 2147483647;
			files = (
			);
			inputPaths = (
			);
			name = "Copy Pods Resources";
			outputPaths = (
			);
			runOnlyForDeploymentPostprocessing = 0;
			shellPath = /bin/sh;
			shellScript = "\"${SRCROOT}/Pods/Target Support Files/Pods/Pods-resources.sh\"\n";
			showEnvVarsInLog = 0;
		};
		6B6B7A45241BAC04AEF592F6 /* Check Pods Manifest.lock */ = {
			isa = PBXShellScriptBuildPhase;
			buildActionMask = 2147483647;
			files = (
			);
			inputPaths = (
			);
			name = "Check Pods Manifest.lock";
			outputPaths = (
			);
			runOnlyForDeploymentPostprocessing = 0;
			shellPath = /bin/sh;
			shellScript = "diff \"${PODS_ROOT}/../Podfile.lock\" \"${PODS_ROOT}/Manifest.lock\" > /dev/null\nif [[ $? != 0 ]] ; then\n    cat << EOM\nerror: The sandbox is not in sync with the Podfile.lock. Run 'pod install' or update your CocoaPods installation.\nEOM\n    exit 1\nfi\n";
			showEnvVarsInLog = 0;
		};
		758C05B1583086E664D325D8 /* Check Pods Manifest.lock */ = {
			isa = PBXShellScriptBuildPhase;
			buildActionMask = 2147483647;
			files = (
			);
			inputPaths = (
			);
			name = "Check Pods Manifest.lock";
			outputPaths = (
			);
			runOnlyForDeploymentPostprocessing = 0;
			shellPath = /bin/sh;
			shellScript = "diff \"${PODS_ROOT}/../Podfile.lock\" \"${PODS_ROOT}/Manifest.lock\" > /dev/null\nif [[ $? != 0 ]] ; then\n    cat << EOM\nerror: The sandbox is not in sync with the Podfile.lock. Run 'pod install' or update your CocoaPods installation.\nEOM\n    exit 1\nfi\n";
			showEnvVarsInLog = 0;
		};
		CCD9E7D7D1BC4AE93C05BC2C /* Copy Pods Resources */ = {
			isa = PBXShellScriptBuildPhase;
			buildActionMask = 2147483647;
			files = (
			);
			inputPaths = (
			);
			name = "Copy Pods Resources";
			outputPaths = (
			);
			runOnlyForDeploymentPostprocessing = 0;
			shellPath = /bin/sh;
			shellScript = "\"${SRCROOT}/Pods/Target Support Files/Pods/Pods-resources.sh\"\n";
			showEnvVarsInLog = 0;
		};
/* End PBXShellScriptBuildPhase section */

/* Begin PBXSourcesBuildPhase section */
		1D60588E0D05DD3D006BFB54 /* Sources */ = {
			isa = PBXSourcesBuildPhase;
			buildActionMask = 2147483647;
			files = (
				932BE4FF1AB66EF20011F2FB /* OBARecentStopsViewController.m in Sources */,
				1D60589B0D05DD56006BFB54 /* main.m in Sources */,
				932BE4CF1AB66D710011F2FB /* OBATripDetailsViewController.m in Sources */,
				93AD36431603FE7E00BDF03F /* OBAArrivalEntryTableViewCell.m in Sources */,
				934446D91AB12C5D005B3333 /* OBAModalActivityIndicator.m in Sources */,
				93AD36441603FE7E00BDF03F /* OBAArrivalEntryTableViewCellFactory.m in Sources */,
				932BE4D01AB66D710011F2FB /* OBATripScheduleListViewController.m in Sources */,
				93F64E971BE5ACC300323527 /* OBAAlerts.m in Sources */,
				934446D41AB12C0C005B3333 /* OBAListSelectionViewController.m in Sources */,
				932BE4EE1AB66E640011F2FB /* OBABookmarksViewController.m in Sources */,
				932BE4BD1AB66D5C0011F2FB /* OBAReportProblemViewController.m in Sources */,
				932BE4F81AB66E990011F2FB /* OBASearchResultsMapViewController.m in Sources */,
				93AD36451603FE7E00BDF03F /* OBALabelAndTextFieldTableViewCell.m in Sources */,
				934446B51AB10E67005B3333 /* UINavigationController+oba_Additions.m in Sources */,
				932BE4BF1AB66D5C0011F2FB /* OBAReportProblemWithStopViewController.m in Sources */,
				932BE4CE1AB66D710011F2FB /* OBAReportProblemWithTripViewController.m in Sources */,
				932BE4FB1AB66EDD0011F2FB /* OBAVehicleDetailsController.m in Sources */,
				669B2F801AEBFEBF00CF2367 /* OBARegionHelper.m in Sources */,
				934446B81AB10ECA005B3333 /* UITableViewCell+oba_Additions.m in Sources */,
				932BE4EB1AB66E3C0011F2FB /* OBAEditStopBookmarkViewController.m in Sources */,
				932BE4C01AB66D5C0011F2FB /* OBAStopViewController.m in Sources */,
				93AD369D1604027E00BDF03F /* OBAProgressIndicatorImpl.m in Sources */,
				93B32FF31AC4912F001DC177 /* UIViewController+OBAAnalytics.m in Sources */,
				932BE49F1AB66D320011F2FB /* OBAInfoViewController.m in Sources */,
				934446DA1AB12C5D005B3333 /* OBAProgressIndicatorView.m in Sources */,
				93631E4C1604F96800CB7209 /* OBAApplicationDelegate.m in Sources */,
				934446BD1AB11033005B3333 /* OBALabelAndSwitchTableViewCell.m in Sources */,
				932BE49D1AB66D320011F2FB /* OBAAgenciesListViewController.m in Sources */,
				669B2F781AEBFCB300CF2367 /* OBAAnalytics.m in Sources */,
				932BE4E91AB66E3C0011F2FB /* OBAEditBookmarkGroupViewController.m in Sources */,
				932BE4A11AB66D320011F2FB /* OBARegionListViewController.m in Sources */,
				932BE4EA1AB66E3C0011F2FB /* OBAEditStopBookmarkGroupViewController.m in Sources */,
				93631E801604F9A300CB7209 /* OBANetworkErrorAlertViewDelegate.m in Sources */,
				93631E811604F9A300CB7209 /* OBASearchResultsMapFilterToolbar.m in Sources */,
				932BE4BC1AB66D5C0011F2FB /* OBAGenericStopViewController.m in Sources */,
				932BE4C11AB66D5C0011F2FB /* OBAStopWebViewController.m in Sources */,
				9330DF281606405100E14AF4 /* OBAScopeView.m in Sources */,
				932BE4CD1AB66D710011F2FB /* OBAArrivalAndDepartureViewController.m in Sources */,
				932BE49E1AB66D320011F2FB /* OBAContactUsViewController.m in Sources */,
				932BE4DB1AB66D890011F2FB /* OBASituationViewController.m in Sources */,
				934446CF1AB12B29005B3333 /* OBARequestDrivenTableViewController.m in Sources */,
				932BE4D11AB66D710011F2FB /* OBATripScheduleMapViewController.m in Sources */,
				932BE4DE1AB66DA90011F2FB /* OBACustomApiViewController.m in Sources */,
				932BE4DA1AB66D890011F2FB /* OBASituationsViewController.m in Sources */,
				934446D11AB12B29005B3333 /* OBAWebViewController.m in Sources */,
				932BE4BE1AB66D5C0011F2FB /* OBAReportProblemWithRecentTripsViewController.m in Sources */,
				669B2F741AEBF92E00CF2367 /* OBAReleaseNotesManager.m in Sources */,
				932BE4D91AB66D890011F2FB /* OBADiversionViewController.m in Sources */,
				932BE4F61AB66E990011F2FB /* OBASearchController.m in Sources */,
				934446D01AB12B29005B3333 /* OBATextEditViewController.m in Sources */,
				932BE4F71AB66E990011F2FB /* OBASearchResultsListViewController.m in Sources */,
				932BE4A21AB66D320011F2FB /* OBASettingsViewController.m in Sources */,
				931C42C2160E4B2A00435CD3 /* MKMapView+oba_Additions.m in Sources */,
				931C42CD160F984000435CD3 /* OBAShadowLabel.m in Sources */,
				934446BE1AB11033005B3333 /* OBATextFieldTableViewCell.m in Sources */,
				932BE4BB1AB66D5C0011F2FB /* OBAEditStopPreferencesViewController.m in Sources */,
				932BE4E11AB66DBD0011F2FB /* OBACreditsViewController.m in Sources */,
				923FE680176082A7009AFDE8 /* UITableViewController+oba_Additions.m in Sources */,
			);
			runOnlyForDeploymentPostprocessing = 0;
		};
		93F152ED1A9AE91A0015C141 /* Sources */ = {
			isa = PBXSourcesBuildPhase;
			buildActionMask = 2147483647;
			files = (
				93F153021A9AEA500015C141 /* OBAURLHelpers_Tests.m in Sources */,
				669B2F751AEBF92E00CF2367 /* OBAReleaseNotesManager.m in Sources */,
				669B2F811AEBFEBF00CF2367 /* OBARegionHelper.m in Sources */,
				93F152F61A9AE91A0015C141 /* OneBusAway_Tests.m in Sources */,
				669B2F791AEBFCB300CF2367 /* OBAAnalytics.m in Sources */,
			);
			runOnlyForDeploymentPostprocessing = 0;
		};
/* End PBXSourcesBuildPhase section */

/* Begin PBXTargetDependency section */
		93F152F81A9AE91A0015C141 /* PBXTargetDependency */ = {
			isa = PBXTargetDependency;
			target = 1D6058900D05DD3D006BFB54 /* OneBusAway */;
			targetProxy = 93F152F71A9AE91A0015C141 /* PBXContainerItemProxy */;
		};
/* End PBXTargetDependency section */

/* Begin XCBuildConfiguration section */
		1D6058940D05DD3E006BFB54 /* Debug */ = {
			isa = XCBuildConfiguration;
			baseConfigurationReference = DEDC11A41EBF4F89626093D8 /* Pods.debug.xcconfig */;
			buildSettings = {
				ASSETCATALOG_COMPILER_APPICON_NAME = AppIcon;
				BUILD_VARIANTS = normal;
				CLANG_ENABLE_OBJC_ARC = YES;
				CLANG_WARN_ASSIGN_ENUM = YES;
				CLANG_WARN_BOOL_CONVERSION = YES;
				CLANG_WARN_CONSTANT_CONVERSION = YES;
				CLANG_WARN_DEPRECATED_OBJC_IMPLEMENTATIONS = YES;
				CLANG_WARN_ENUM_CONVERSION = YES;
				CLANG_WARN_INT_CONVERSION = YES;
				CLANG_WARN_OBJC_IMPLICIT_ATOMIC_PROPERTIES = NO;
				CLANG_WARN_OBJC_IMPLICIT_RETAIN_SELF = YES;
				CLANG_WARN_OBJC_RECEIVER_WEAK = NO;
				CLANG_WARN_OBJC_REPEATED_USE_OF_WEAK = NO;
				CLANG_WARN_SUSPICIOUS_IMPLICIT_CONVERSION = YES;
				CLANG_WARN__DUPLICATE_METHOD_MATCH = YES;
				CODE_SIGN_IDENTITY = "iPhone Developer";
				"CODE_SIGN_IDENTITY[sdk=iphoneos*]" = "iPhone Developer";
				COPY_PHASE_STRIP = NO;
				FRAMEWORK_SEARCH_PATHS = (
					"$(inherited)",
					"\"$(SRCROOT)\"",
				);
				GCC_DYNAMIC_NO_PIC = NO;
				GCC_OPTIMIZATION_LEVEL = 0;
				GCC_PRECOMPILE_PREFIX_HEADER = YES;
				GCC_PREFIX_HEADER = org_onebusaway_iphone_Prefix.pch;
				GCC_PREPROCESSOR_DEFINITIONS = (
					"$(inherited)",
					DEBUG,
				);
				GCC_SYMBOLS_PRIVATE_EXTERN = NO;
				GCC_TREAT_INCOMPATIBLE_POINTER_TYPE_WARNINGS_AS_ERRORS = YES;
				GCC_VERSION = com.apple.compilers.llvm.clang.1_0;
				GCC_WARN_MULTIPLE_DEFINITION_TYPES_FOR_SELECTOR = NO;
				GCC_WARN_UNINITIALIZED_AUTOS = YES_AGGRESSIVE;
				GCC_WARN_UNKNOWN_PRAGMAS = YES;
				GCC_WARN_UNUSED_FUNCTION = YES;
				INFOPLIST_FILE = "$(SRCROOT)/Info.plist";
				IPHONEOS_DEPLOYMENT_TARGET = 8.0;
				OTHER_LDFLAGS = "$(inherited)";
				PRODUCT_BUNDLE_IDENTIFIER = org.onebusaway.iphone.dev;
				PRODUCT_NAME = OneBusAway;
				PROVISIONING_PROFILE = "";
				"PROVISIONING_PROFILE[sdk=iphoneos*]" = "";
				SDKROOT = iphoneos;
				STRIP_INSTALLED_PRODUCT = NO;
				VALIDATE_PRODUCT = YES;
			};
			name = Debug;
		};
		1D6058950D05DD3E006BFB54 /* Release */ = {
			isa = XCBuildConfiguration;
			baseConfigurationReference = 9896748DE4027B647D4D41F0 /* Pods.release.xcconfig */;
			buildSettings = {
				ASSETCATALOG_COMPILER_APPICON_NAME = AppIcon;
				CLANG_ENABLE_OBJC_ARC = YES;
				CLANG_WARN_ASSIGN_ENUM = YES;
				CLANG_WARN_BOOL_CONVERSION = YES;
				CLANG_WARN_CONSTANT_CONVERSION = YES;
				CLANG_WARN_DEPRECATED_OBJC_IMPLEMENTATIONS = YES;
				CLANG_WARN_ENUM_CONVERSION = YES;
				CLANG_WARN_INT_CONVERSION = YES;
				CLANG_WARN_OBJC_IMPLICIT_ATOMIC_PROPERTIES = NO;
				CLANG_WARN_OBJC_IMPLICIT_RETAIN_SELF = YES;
				CLANG_WARN_OBJC_RECEIVER_WEAK = NO;
				CLANG_WARN_OBJC_REPEATED_USE_OF_WEAK = NO;
				CLANG_WARN_SUSPICIOUS_IMPLICIT_CONVERSION = YES;
				CLANG_WARN__DUPLICATE_METHOD_MATCH = YES;
				CODE_SIGN_IDENTITY = "iPhone Developer";
				"CODE_SIGN_IDENTITY[sdk=iphoneos*]" = "iPhone Developer";
				COPY_PHASE_STRIP = NO;
				DEPLOYMENT_POSTPROCESSING = YES;
				FRAMEWORK_SEARCH_PATHS = (
					"$(inherited)",
					"\"$(SRCROOT)\"",
				);
				GCC_PRECOMPILE_PREFIX_HEADER = YES;
				GCC_PREFIX_HEADER = org_onebusaway_iphone_Prefix.pch;
				GCC_SYMBOLS_PRIVATE_EXTERN = NO;
				GCC_TREAT_INCOMPATIBLE_POINTER_TYPE_WARNINGS_AS_ERRORS = YES;
				GCC_VERSION = com.apple.compilers.llvm.clang.1_0;
				GCC_WARN_MULTIPLE_DEFINITION_TYPES_FOR_SELECTOR = NO;
				GCC_WARN_UNINITIALIZED_AUTOS = YES_AGGRESSIVE;
				GCC_WARN_UNKNOWN_PRAGMAS = YES;
				GCC_WARN_UNUSED_FUNCTION = YES;
				INFOPLIST_FILE = "$(SRCROOT)/Info.plist";
				IPHONEOS_DEPLOYMENT_TARGET = 8.0;
				OTHER_LDFLAGS = "$(inherited)";
				PRODUCT_BUNDLE_IDENTIFIER = org.onebusaway.iphone.dev;
				PRODUCT_NAME = OneBusAway;
				PROVISIONING_PROFILE = "";
				"PROVISIONING_PROFILE[sdk=iphoneos*]" = "";
				SDKROOT = iphoneos;
				STRIP_INSTALLED_PRODUCT = NO;
				VALIDATE_PRODUCT = YES;
			};
			name = Release;
		};
		93F152F91A9AE91A0015C141 /* Debug */ = {
			isa = XCBuildConfiguration;
			baseConfigurationReference = DEDC11A41EBF4F89626093D8 /* Pods.debug.xcconfig */;
			buildSettings = {
				BUNDLE_LOADER = "$(TEST_HOST)";
				CLANG_CXX_LANGUAGE_STANDARD = "gnu++0x";
				CLANG_CXX_LIBRARY = "libc++";
				CLANG_ENABLE_OBJC_ARC = YES;
				CLANG_WARN_BOOL_CONVERSION = YES;
				CLANG_WARN_CONSTANT_CONVERSION = YES;
				CLANG_WARN_DIRECT_OBJC_ISA_USAGE = YES_ERROR;
				CLANG_WARN_EMPTY_BODY = YES;
				CLANG_WARN_ENUM_CONVERSION = YES;
				CLANG_WARN_INT_CONVERSION = YES;
				CLANG_WARN_OBJC_ROOT_CLASS = YES_ERROR;
				CLANG_WARN_UNREACHABLE_CODE = YES;
				CLANG_WARN__DUPLICATE_METHOD_MATCH = YES;
				ENABLE_STRICT_OBJC_MSGSEND = YES;
				FRAMEWORK_SEARCH_PATHS = (
					"$(SDKROOT)/Developer/Library/Frameworks",
					"$(inherited)",
				);
				GCC_C_LANGUAGE_STANDARD = gnu99;
				GCC_DYNAMIC_NO_PIC = NO;
				GCC_OPTIMIZATION_LEVEL = 0;
				GCC_PREPROCESSOR_DEFINITIONS = (
					"DEBUG=1",
					"$(inherited)",
				);
				GCC_SYMBOLS_PRIVATE_EXTERN = NO;
				GCC_WARN_64_TO_32_BIT_CONVERSION = YES;
				GCC_WARN_ABOUT_RETURN_TYPE = YES_ERROR;
				GCC_WARN_UNDECLARED_SELECTOR = YES;
				GCC_WARN_UNINITIALIZED_AUTOS = YES_AGGRESSIVE;
				GCC_WARN_UNUSED_FUNCTION = YES;
				INFOPLIST_FILE = "OneBusAway Tests/Info.plist";
				IPHONEOS_DEPLOYMENT_TARGET = 8.0;
				LD_RUNPATH_SEARCH_PATHS = "$(inherited) @executable_path/Frameworks @loader_path/Frameworks";
				MTL_ENABLE_DEBUG_INFO = YES;
				PRODUCT_BUNDLE_IDENTIFIER = "org.onebusaway.iphone.$(PRODUCT_NAME:rfc1034identifier)";
				PRODUCT_NAME = "$(TARGET_NAME)";
				TEST_HOST = "$(BUILT_PRODUCTS_DIR)/OneBusAway.app/OneBusAway";
			};
			name = Debug;
		};
		93F152FA1A9AE91A0015C141 /* Release */ = {
			isa = XCBuildConfiguration;
			baseConfigurationReference = 9896748DE4027B647D4D41F0 /* Pods.release.xcconfig */;
			buildSettings = {
				BUNDLE_LOADER = "$(TEST_HOST)";
				CLANG_CXX_LANGUAGE_STANDARD = "gnu++0x";
				CLANG_CXX_LIBRARY = "libc++";
				CLANG_ENABLE_OBJC_ARC = YES;
				CLANG_WARN_BOOL_CONVERSION = YES;
				CLANG_WARN_CONSTANT_CONVERSION = YES;
				CLANG_WARN_DIRECT_OBJC_ISA_USAGE = YES_ERROR;
				CLANG_WARN_EMPTY_BODY = YES;
				CLANG_WARN_ENUM_CONVERSION = YES;
				CLANG_WARN_INT_CONVERSION = YES;
				CLANG_WARN_OBJC_ROOT_CLASS = YES_ERROR;
				CLANG_WARN_UNREACHABLE_CODE = YES;
				CLANG_WARN__DUPLICATE_METHOD_MATCH = YES;
				COPY_PHASE_STRIP = YES;
				ENABLE_NS_ASSERTIONS = NO;
				ENABLE_STRICT_OBJC_MSGSEND = YES;
				FRAMEWORK_SEARCH_PATHS = (
					"$(SDKROOT)/Developer/Library/Frameworks",
					"$(inherited)",
				);
				GCC_C_LANGUAGE_STANDARD = gnu99;
				GCC_WARN_64_TO_32_BIT_CONVERSION = YES;
				GCC_WARN_ABOUT_RETURN_TYPE = YES_ERROR;
				GCC_WARN_UNDECLARED_SELECTOR = YES;
				GCC_WARN_UNINITIALIZED_AUTOS = YES_AGGRESSIVE;
				GCC_WARN_UNUSED_FUNCTION = YES;
				INFOPLIST_FILE = "OneBusAway Tests/Info.plist";
				IPHONEOS_DEPLOYMENT_TARGET = 8.0;
				LD_RUNPATH_SEARCH_PATHS = "$(inherited) @executable_path/Frameworks @loader_path/Frameworks";
				MTL_ENABLE_DEBUG_INFO = NO;
				PRODUCT_BUNDLE_IDENTIFIER = "org.onebusaway.iphone.$(PRODUCT_NAME:rfc1034identifier)";
				PRODUCT_NAME = "$(TARGET_NAME)";
				TEST_HOST = "$(BUILT_PRODUCTS_DIR)/OneBusAway.app/OneBusAway";
				VALIDATE_PRODUCT = YES;
			};
			name = Release;
		};
		93F152FB1A9AE91A0015C141 /* AppStoreDistribution */ = {
			isa = XCBuildConfiguration;
			baseConfigurationReference = AF4665CA06626C1076EEEE33 /* Pods.appstoredistribution.xcconfig */;
			buildSettings = {
				BUNDLE_LOADER = "$(TEST_HOST)";
				CLANG_CXX_LANGUAGE_STANDARD = "gnu++0x";
				CLANG_CXX_LIBRARY = "libc++";
				CLANG_ENABLE_OBJC_ARC = YES;
				CLANG_WARN_BOOL_CONVERSION = YES;
				CLANG_WARN_CONSTANT_CONVERSION = YES;
				CLANG_WARN_DIRECT_OBJC_ISA_USAGE = YES_ERROR;
				CLANG_WARN_EMPTY_BODY = YES;
				CLANG_WARN_ENUM_CONVERSION = YES;
				CLANG_WARN_INT_CONVERSION = YES;
				CLANG_WARN_OBJC_ROOT_CLASS = YES_ERROR;
				CLANG_WARN_UNREACHABLE_CODE = YES;
				CLANG_WARN__DUPLICATE_METHOD_MATCH = YES;
				COPY_PHASE_STRIP = YES;
				ENABLE_NS_ASSERTIONS = NO;
				ENABLE_STRICT_OBJC_MSGSEND = YES;
				FRAMEWORK_SEARCH_PATHS = (
					"$(SDKROOT)/Developer/Library/Frameworks",
					"$(inherited)",
				);
				GCC_C_LANGUAGE_STANDARD = gnu99;
				GCC_WARN_64_TO_32_BIT_CONVERSION = YES;
				GCC_WARN_ABOUT_RETURN_TYPE = YES_ERROR;
				GCC_WARN_UNDECLARED_SELECTOR = YES;
				GCC_WARN_UNINITIALIZED_AUTOS = YES_AGGRESSIVE;
				GCC_WARN_UNUSED_FUNCTION = YES;
				INFOPLIST_FILE = "OneBusAway Tests/Info.plist";
				IPHONEOS_DEPLOYMENT_TARGET = 8.0;
				LD_RUNPATH_SEARCH_PATHS = "$(inherited) @executable_path/Frameworks @loader_path/Frameworks";
				MTL_ENABLE_DEBUG_INFO = NO;
				PRODUCT_BUNDLE_IDENTIFIER = "org.onebusaway.iphone.$(PRODUCT_NAME:rfc1034identifier)";
				PRODUCT_NAME = "$(TARGET_NAME)";
				TEST_HOST = "$(BUILT_PRODUCTS_DIR)/OneBusAway.app/OneBusAway";
				VALIDATE_PRODUCT = YES;
			};
			name = AppStoreDistribution;
		};
		93F152FC1A9AE91A0015C141 /* AdHocDistribution */ = {
			isa = XCBuildConfiguration;
			baseConfigurationReference = 13105E482CCDE283CE77C92E /* Pods.adhocdistribution.xcconfig */;
			buildSettings = {
				BUNDLE_LOADER = "$(TEST_HOST)";
				CLANG_CXX_LANGUAGE_STANDARD = "gnu++0x";
				CLANG_CXX_LIBRARY = "libc++";
				CLANG_ENABLE_OBJC_ARC = YES;
				CLANG_WARN_BOOL_CONVERSION = YES;
				CLANG_WARN_CONSTANT_CONVERSION = YES;
				CLANG_WARN_DIRECT_OBJC_ISA_USAGE = YES_ERROR;
				CLANG_WARN_EMPTY_BODY = YES;
				CLANG_WARN_ENUM_CONVERSION = YES;
				CLANG_WARN_INT_CONVERSION = YES;
				CLANG_WARN_OBJC_ROOT_CLASS = YES_ERROR;
				CLANG_WARN_UNREACHABLE_CODE = YES;
				CLANG_WARN__DUPLICATE_METHOD_MATCH = YES;
				COPY_PHASE_STRIP = YES;
				ENABLE_NS_ASSERTIONS = NO;
				ENABLE_STRICT_OBJC_MSGSEND = YES;
				FRAMEWORK_SEARCH_PATHS = (
					"$(SDKROOT)/Developer/Library/Frameworks",
					"$(inherited)",
				);
				GCC_C_LANGUAGE_STANDARD = gnu99;
				GCC_WARN_64_TO_32_BIT_CONVERSION = YES;
				GCC_WARN_ABOUT_RETURN_TYPE = YES_ERROR;
				GCC_WARN_UNDECLARED_SELECTOR = YES;
				GCC_WARN_UNINITIALIZED_AUTOS = YES_AGGRESSIVE;
				GCC_WARN_UNUSED_FUNCTION = YES;
				INFOPLIST_FILE = "OneBusAway Tests/Info.plist";
				IPHONEOS_DEPLOYMENT_TARGET = 8.0;
				LD_RUNPATH_SEARCH_PATHS = "$(inherited) @executable_path/Frameworks @loader_path/Frameworks";
				MTL_ENABLE_DEBUG_INFO = NO;
				PRODUCT_BUNDLE_IDENTIFIER = "org.onebusaway.iphone.$(PRODUCT_NAME:rfc1034identifier)";
				PRODUCT_NAME = "$(TARGET_NAME)";
				TEST_HOST = "$(BUILT_PRODUCTS_DIR)/OneBusAway.app/OneBusAway";
				VALIDATE_PRODUCT = YES;
			};
			name = AdHocDistribution;
		};
		C01FCF4F08A954540054247B /* Debug */ = {
			isa = XCBuildConfiguration;
			buildSettings = {
				CLANG_ENABLE_MODULES = YES;
				"CODE_SIGN_IDENTITY[sdk=iphoneos*]" = "iPhone Developer";
				COPY_PHASE_STRIP = NO;
				ENABLE_BITCODE = NO;
				ENABLE_TESTABILITY = YES;
				GCC_C_LANGUAGE_STANDARD = c99;
				GCC_WARN_ABOUT_RETURN_TYPE = YES;
				GCC_WARN_UNUSED_VARIABLE = YES;
				HEADER_SEARCH_PATHS = "$(inherited)";
				LIBRARY_SEARCH_PATHS = "$(SRCROOT)/Libraries/**";
				ONLY_ACTIVE_ARCH = YES;
				OTHER_LDFLAGS = "";
				"PROVISIONING_PROFILE[sdk=iphoneos*]" = "";
				SDKROOT = iphoneos;
				USER_HEADER_SEARCH_PATHS = "$(SRCROOT)/sdk/** $(BUILT_PRODUCTS_DIR)/**";
			};
			name = Debug;
		};
		C01FCF5008A954540054247B /* Release */ = {
			isa = XCBuildConfiguration;
			buildSettings = {
				CLANG_ENABLE_MODULES = YES;
				"CODE_SIGN_IDENTITY[sdk=iphoneos*]" = "iPhone Developer";
				COPY_PHASE_STRIP = NO;
				ENABLE_BITCODE = NO;
				GCC_C_LANGUAGE_STANDARD = c99;
				GCC_WARN_ABOUT_RETURN_TYPE = YES;
				GCC_WARN_UNUSED_VARIABLE = YES;
				HEADER_SEARCH_PATHS = "$(inherited)";
				LIBRARY_SEARCH_PATHS = "$(SRCROOT)/Libraries/**";
				SDKROOT = iphoneos;
				USER_HEADER_SEARCH_PATHS = "$(SRCROOT)/sdk/** $(BUILT_PRODUCTS_DIR)/**";
			};
			name = Release;
		};
		D6575AF50FEE8B0900D6D987 /* AdHocDistribution */ = {
			isa = XCBuildConfiguration;
			buildSettings = {
				CLANG_ENABLE_MODULES = YES;
				CODE_SIGN_ENTITLEMENTS = Entitlements.plist;
				"CODE_SIGN_IDENTITY[sdk=iphoneos*]" = "iPhone Distribution";
				COPY_PHASE_STRIP = NO;
				ENABLE_BITCODE = NO;
				GCC_C_LANGUAGE_STANDARD = c99;
				GCC_WARN_ABOUT_RETURN_TYPE = YES;
				GCC_WARN_UNUSED_VARIABLE = YES;
				HEADER_SEARCH_PATHS = "$(inherited)";
				LIBRARY_SEARCH_PATHS = "$(SRCROOT)/Libraries/**";
				"PROVISIONING_PROFILE[sdk=iphoneos*]" = "";
				SDKROOT = iphoneos;
				USER_HEADER_SEARCH_PATHS = "$(SRCROOT)/sdk/** $(BUILT_PRODUCTS_DIR)/**";
			};
			name = AdHocDistribution;
		};
		D6575AF60FEE8B0900D6D987 /* AdHocDistribution */ = {
			isa = XCBuildConfiguration;
			baseConfigurationReference = 13105E482CCDE283CE77C92E /* Pods.adhocdistribution.xcconfig */;
			buildSettings = {
				ASSETCATALOG_COMPILER_APPICON_NAME = AppIcon;
				CLANG_ENABLE_OBJC_ARC = YES;
				CLANG_WARN_ASSIGN_ENUM = YES;
				CLANG_WARN_BOOL_CONVERSION = YES;
				CLANG_WARN_CONSTANT_CONVERSION = YES;
				CLANG_WARN_DEPRECATED_OBJC_IMPLEMENTATIONS = YES;
				CLANG_WARN_ENUM_CONVERSION = YES;
				CLANG_WARN_INT_CONVERSION = YES;
				CLANG_WARN_OBJC_IMPLICIT_ATOMIC_PROPERTIES = NO;
				CLANG_WARN_OBJC_IMPLICIT_RETAIN_SELF = YES;
				CLANG_WARN_OBJC_RECEIVER_WEAK = NO;
				CLANG_WARN_OBJC_REPEATED_USE_OF_WEAK = NO;
				CLANG_WARN_SUSPICIOUS_IMPLICIT_CONVERSION = YES;
				CLANG_WARN__DUPLICATE_METHOD_MATCH = YES;
				CODE_SIGN_IDENTITY = "iPhone Developer";
				"CODE_SIGN_IDENTITY[sdk=iphoneos*]" = "iPhone Developer";
				COPY_PHASE_STRIP = NO;
				FRAMEWORK_SEARCH_PATHS = (
					"$(inherited)",
					"\"$(SRCROOT)\"",
				);
				GCC_PRECOMPILE_PREFIX_HEADER = YES;
				GCC_PREFIX_HEADER = org_onebusaway_iphone_Prefix.pch;
				GCC_PREPROCESSOR_DEFINITIONS = (
					"$(inherited)",
					DEBUG,
				);
				GCC_SYMBOLS_PRIVATE_EXTERN = NO;
				GCC_TREAT_INCOMPATIBLE_POINTER_TYPE_WARNINGS_AS_ERRORS = YES;
				GCC_VERSION = com.apple.compilers.llvm.clang.1_0;
				GCC_WARN_MULTIPLE_DEFINITION_TYPES_FOR_SELECTOR = NO;
				GCC_WARN_UNINITIALIZED_AUTOS = YES_AGGRESSIVE;
				GCC_WARN_UNKNOWN_PRAGMAS = YES;
				GCC_WARN_UNUSED_FUNCTION = YES;
				INFOPLIST_FILE = "$(SRCROOT)/Info.plist";
				IPHONEOS_DEPLOYMENT_TARGET = 8.0;
				OTHER_LDFLAGS = "$(inherited)";
				PRODUCT_BUNDLE_IDENTIFIER = org.onebusaway.iphone.dev;
				PRODUCT_NAME = OneBusAway;
				PROVISIONING_PROFILE = "";
				"PROVISIONING_PROFILE[sdk=iphoneos*]" = "";
				SDKROOT = iphoneos;
				STRIP_INSTALLED_PRODUCT = NO;
				VALIDATE_PRODUCT = YES;
			};
			name = AdHocDistribution;
		};
		D6BEE73E10474E58003655A1 /* AppStoreDistribution */ = {
			isa = XCBuildConfiguration;
			buildSettings = {
				CLANG_ENABLE_MODULES = YES;
				"CODE_SIGN_IDENTITY[sdk=iphoneos*]" = "iPhone Distribution";
				COPY_PHASE_STRIP = NO;
				ENABLE_BITCODE = NO;
				GCC_C_LANGUAGE_STANDARD = c99;
				GCC_WARN_ABOUT_RETURN_TYPE = YES;
				GCC_WARN_UNUSED_VARIABLE = YES;
				HEADER_SEARCH_PATHS = "$(inherited)";
				LIBRARY_SEARCH_PATHS = "$(SRCROOT)/Libraries/**";
				"PROVISIONING_PROFILE[sdk=iphoneos*]" = "";
				SDKROOT = iphoneos;
				USER_HEADER_SEARCH_PATHS = "$(SRCROOT)/sdk/** $(BUILT_PRODUCTS_DIR)/**";
			};
			name = AppStoreDistribution;
		};
		D6BEE73F10474E58003655A1 /* AppStoreDistribution */ = {
			isa = XCBuildConfiguration;
			baseConfigurationReference = AF4665CA06626C1076EEEE33 /* Pods.appstoredistribution.xcconfig */;
			buildSettings = {
				ASSETCATALOG_COMPILER_APPICON_NAME = AppIcon;
				CLANG_ENABLE_OBJC_ARC = YES;
				CLANG_WARN_ASSIGN_ENUM = YES;
				CLANG_WARN_BOOL_CONVERSION = YES;
				CLANG_WARN_CONSTANT_CONVERSION = YES;
				CLANG_WARN_DEPRECATED_OBJC_IMPLEMENTATIONS = YES;
				CLANG_WARN_ENUM_CONVERSION = YES;
				CLANG_WARN_INT_CONVERSION = YES;
				CLANG_WARN_OBJC_IMPLICIT_ATOMIC_PROPERTIES = NO;
				CLANG_WARN_OBJC_IMPLICIT_RETAIN_SELF = YES;
				CLANG_WARN_OBJC_RECEIVER_WEAK = NO;
				CLANG_WARN_OBJC_REPEATED_USE_OF_WEAK = NO;
				CLANG_WARN_SUSPICIOUS_IMPLICIT_CONVERSION = YES;
				CLANG_WARN__DUPLICATE_METHOD_MATCH = YES;
				CODE_SIGN_IDENTITY = "iPhone Developer";
				"CODE_SIGN_IDENTITY[sdk=iphoneos*]" = "iPhone Developer";
				COPY_PHASE_STRIP = NO;
				DEPLOYMENT_POSTPROCESSING = YES;
				FRAMEWORK_SEARCH_PATHS = (
					"$(inherited)",
					"\"$(SRCROOT)\"",
				);
				GCC_PRECOMPILE_PREFIX_HEADER = YES;
				GCC_PREFIX_HEADER = org_onebusaway_iphone_Prefix.pch;
				GCC_SYMBOLS_PRIVATE_EXTERN = NO;
				GCC_TREAT_INCOMPATIBLE_POINTER_TYPE_WARNINGS_AS_ERRORS = YES;
				GCC_VERSION = com.apple.compilers.llvm.clang.1_0;
				GCC_WARN_MULTIPLE_DEFINITION_TYPES_FOR_SELECTOR = NO;
				GCC_WARN_UNINITIALIZED_AUTOS = YES_AGGRESSIVE;
				GCC_WARN_UNKNOWN_PRAGMAS = YES;
				GCC_WARN_UNUSED_FUNCTION = YES;
				INFOPLIST_FILE = "$(SRCROOT)/Info.plist";
				IPHONEOS_DEPLOYMENT_TARGET = 8.0;
				OTHER_LDFLAGS = "$(inherited)";
				PRODUCT_BUNDLE_IDENTIFIER = org.onebusaway.iphone.dev;
				PRODUCT_NAME = OneBusAway;
				PROVISIONING_PROFILE = "";
				"PROVISIONING_PROFILE[sdk=iphoneos*]" = "";
				SDKROOT = iphoneos;
				STRIP_INSTALLED_PRODUCT = NO;
				VALIDATE_PRODUCT = YES;
			};
			name = AppStoreDistribution;
		};
/* End XCBuildConfiguration section */

/* Begin XCConfigurationList section */
		1D6058960D05DD3E006BFB54 /* Build configuration list for PBXNativeTarget "OneBusAway" */ = {
			isa = XCConfigurationList;
			buildConfigurations = (
				1D6058940D05DD3E006BFB54 /* Debug */,
				1D6058950D05DD3E006BFB54 /* Release */,
				D6BEE73F10474E58003655A1 /* AppStoreDistribution */,
				D6575AF60FEE8B0900D6D987 /* AdHocDistribution */,
			);
			defaultConfigurationIsVisible = 0;
			defaultConfigurationName = Release;
		};
		93F152FD1A9AE91A0015C141 /* Build configuration list for PBXNativeTarget "OneBusAway Tests" */ = {
			isa = XCConfigurationList;
			buildConfigurations = (
				93F152F91A9AE91A0015C141 /* Debug */,
				93F152FA1A9AE91A0015C141 /* Release */,
				93F152FB1A9AE91A0015C141 /* AppStoreDistribution */,
				93F152FC1A9AE91A0015C141 /* AdHocDistribution */,
			);
			defaultConfigurationIsVisible = 0;
			defaultConfigurationName = Release;
		};
		C01FCF4E08A954540054247B /* Build configuration list for PBXProject "org.onebusaway.iphone" */ = {
			isa = XCConfigurationList;
			buildConfigurations = (
				C01FCF4F08A954540054247B /* Debug */,
				C01FCF5008A954540054247B /* Release */,
				D6BEE73E10474E58003655A1 /* AppStoreDistribution */,
				D6575AF50FEE8B0900D6D987 /* AdHocDistribution */,
			);
			defaultConfigurationIsVisible = 0;
			defaultConfigurationName = Release;
		};
/* End XCConfigurationList section */
	};
	rootObject = 29B97313FDCFA39411CA2CEA /* Project object */;
}
